
Microsoft Visual Studio Solution File, Format Version 11.00
# Visual C# Express 2010
Project("{FAE04EC0-301F-11D3-BF4B-00C04F79EFBC}") = "BetterExplorer", "BExplorer\BetterExplorer\BetterExplorer.csproj", "{BBD6B64A-5617-4F6C-A5CE-5156365BF33E}"
EndProject
Project("{FAE04EC0-301F-11D3-BF4B-00C04F79EFBC}") = "Shell", "Windows API Code Pack 1.1\source\WindowsAPICodePack\Shell\Shell.csproj", "{AA0C00CB-8699-4F37-BFAE-40CA87ACC06D}"
EndProject
Project("{FAE04EC0-301F-11D3-BF4B-00C04F79EFBC}") = "SevenZip2010", "SevenZip\SevenZip2010.csproj", "{4960DD14-3431-47EC-B9D9-9D2730A98DC3}"
EndProject
Project("{FAE04EC0-301F-11D3-BF4B-00C04F79EFBC}") = "AeroWizard", "AeroWizard\AeroWizard.csproj", "{199C12C4-3EEF-4D08-BAC3-F2A62BCF969C}"
EndProject
Project("{FAE04EC0-301F-11D3-BF4B-00C04F79EFBC}") = "BetterExplorerOperations", "BetterExplorerOperations\BetterExplorerOperations.csproj", "{2AAB3F8C-A802-4986-A35D-3C6D0A6BA566}"
EndProject
Project("{FAE04EC0-301F-11D3-BF4B-00C04F79EFBC}") = "NAppUpdate.Framework", "synhershko-NAppUpdate-62e116d\src\NAppUpdate.Framework\NAppUpdate.Framework.csproj", "{5C07EBDF-D43F-4BE9-B560-D7A443C0EDCE}"
EndProject
Project("{FAE04EC0-301F-11D3-BF4B-00C04F79EFBC}") = "NAppUpdate.Updater", "synhershko-NAppUpdate-62e116d\src\NAppUpdate.Updater\NAppUpdate.Updater.csproj", "{7D4D18D4-DBD2-4ADC-9D82-397D6C5E9F40}"
EndProject
Global
	GlobalSection(SolutionConfigurationPlatforms) = preSolution
		CodeAnalysisDebug|Any CPU = CodeAnalysisDebug|Any CPU
		CodeAnalysisDebug|Mixed Platforms = CodeAnalysisDebug|Mixed Platforms
		CodeAnalysisDebug|x64 = CodeAnalysisDebug|x64
		CodeAnalysisDebug|x86 = CodeAnalysisDebug|x86
		Debug|Any CPU = Debug|Any CPU
		Debug|Mixed Platforms = Debug|Mixed Platforms
		Debug|x64 = Debug|x64
		Debug|x86 = Debug|x86
		Deploy|Any CPU = Deploy|Any CPU
		Deploy|Mixed Platforms = Deploy|Mixed Platforms
		Deploy|x64 = Deploy|x64
		Deploy|x86 = Deploy|x86
		Release|Any CPU = Release|Any CPU
		Release|Mixed Platforms = Release|Mixed Platforms
		Release|x64 = Release|x64
		Release|x86 = Release|x86
	EndGlobalSection
	GlobalSection(ProjectConfigurationPlatforms) = postSolution
		{BBD6B64A-5617-4F6C-A5CE-5156365BF33E}.CodeAnalysisDebug|Any CPU.ActiveCfg = Debug|x86
		{BBD6B64A-5617-4F6C-A5CE-5156365BF33E}.CodeAnalysisDebug|Mixed Platforms.ActiveCfg = Debug|x86
		{BBD6B64A-5617-4F6C-A5CE-5156365BF33E}.CodeAnalysisDebug|Mixed Platforms.Build.0 = Debug|x86
		{BBD6B64A-5617-4F6C-A5CE-5156365BF33E}.CodeAnalysisDebug|x64.ActiveCfg = Debug|x86
		{BBD6B64A-5617-4F6C-A5CE-5156365BF33E}.CodeAnalysisDebug|x86.ActiveCfg = Debug|x86
		{BBD6B64A-5617-4F6C-A5CE-5156365BF33E}.CodeAnalysisDebug|x86.Build.0 = Debug|x86
		{BBD6B64A-5617-4F6C-A5CE-5156365BF33E}.Debug|Any CPU.ActiveCfg = Debug|x86
		{BBD6B64A-5617-4F6C-A5CE-5156365BF33E}.Debug|Mixed Platforms.ActiveCfg = Debug|x86
		{BBD6B64A-5617-4F6C-A5CE-5156365BF33E}.Debug|Mixed Platforms.Build.0 = Debug|x86
		{BBD6B64A-5617-4F6C-A5CE-5156365BF33E}.Debug|x64.ActiveCfg = Debug|x86
		{BBD6B64A-5617-4F6C-A5CE-5156365BF33E}.Debug|x86.ActiveCfg = Debug|x86
		{BBD6B64A-5617-4F6C-A5CE-5156365BF33E}.Debug|x86.Build.0 = Debug|x86
		{BBD6B64A-5617-4F6C-A5CE-5156365BF33E}.Deploy|Any CPU.ActiveCfg = Debug|x86
		{BBD6B64A-5617-4F6C-A5CE-5156365BF33E}.Deploy|Mixed Platforms.ActiveCfg = Debug|x86
		{BBD6B64A-5617-4F6C-A5CE-5156365BF33E}.Deploy|Mixed Platforms.Build.0 = Debug|x86
		{BBD6B64A-5617-4F6C-A5CE-5156365BF33E}.Deploy|x64.ActiveCfg = Debug|x86
		{BBD6B64A-5617-4F6C-A5CE-5156365BF33E}.Deploy|x86.ActiveCfg = Debug|x86
		{BBD6B64A-5617-4F6C-A5CE-5156365BF33E}.Deploy|x86.Build.0 = Debug|x86
		{BBD6B64A-5617-4F6C-A5CE-5156365BF33E}.Release|Any CPU.ActiveCfg = Release|x86
		{BBD6B64A-5617-4F6C-A5CE-5156365BF33E}.Release|Mixed Platforms.ActiveCfg = Release|x86
		{BBD6B64A-5617-4F6C-A5CE-5156365BF33E}.Release|Mixed Platforms.Build.0 = Release|x86
		{BBD6B64A-5617-4F6C-A5CE-5156365BF33E}.Release|x64.ActiveCfg = Release|x86
		{BBD6B64A-5617-4F6C-A5CE-5156365BF33E}.Release|x86.ActiveCfg = Release|x86
		{BBD6B64A-5617-4F6C-A5CE-5156365BF33E}.Release|x86.Build.0 = Release|x86
		{AA0C00CB-8699-4F37-BFAE-40CA87ACC06D}.CodeAnalysisDebug|Any CPU.ActiveCfg = CodeAnalysisDebug|Any CPU
		{AA0C00CB-8699-4F37-BFAE-40CA87ACC06D}.CodeAnalysisDebug|Any CPU.Build.0 = CodeAnalysisDebug|Any CPU
		{AA0C00CB-8699-4F37-BFAE-40CA87ACC06D}.CodeAnalysisDebug|Mixed Platforms.ActiveCfg = CodeAnalysisDebug|x86
		{AA0C00CB-8699-4F37-BFAE-40CA87ACC06D}.CodeAnalysisDebug|Mixed Platforms.Build.0 = CodeAnalysisDebug|x86
		{AA0C00CB-8699-4F37-BFAE-40CA87ACC06D}.CodeAnalysisDebug|x64.ActiveCfg = CodeAnalysisDebug|x64
		{AA0C00CB-8699-4F37-BFAE-40CA87ACC06D}.CodeAnalysisDebug|x64.Build.0 = CodeAnalysisDebug|x64
		{AA0C00CB-8699-4F37-BFAE-40CA87ACC06D}.CodeAnalysisDebug|x86.ActiveCfg = CodeAnalysisDebug|x86
		{AA0C00CB-8699-4F37-BFAE-40CA87ACC06D}.CodeAnalysisDebug|x86.Build.0 = CodeAnalysisDebug|x86
		{AA0C00CB-8699-4F37-BFAE-40CA87ACC06D}.Debug|Any CPU.ActiveCfg = Debug|Any CPU
		{AA0C00CB-8699-4F37-BFAE-40CA87ACC06D}.Debug|Any CPU.Build.0 = Debug|Any CPU
		{AA0C00CB-8699-4F37-BFAE-40CA87ACC06D}.Debug|Mixed Platforms.ActiveCfg = Debug|x86
		{AA0C00CB-8699-4F37-BFAE-40CA87ACC06D}.Debug|Mixed Platforms.Build.0 = Debug|x86
		{AA0C00CB-8699-4F37-BFAE-40CA87ACC06D}.Debug|x64.ActiveCfg = Debug|x64
		{AA0C00CB-8699-4F37-BFAE-40CA87ACC06D}.Debug|x64.Build.0 = Debug|x64
		{AA0C00CB-8699-4F37-BFAE-40CA87ACC06D}.Debug|x86.ActiveCfg = Debug|x86
		{AA0C00CB-8699-4F37-BFAE-40CA87ACC06D}.Debug|x86.Build.0 = Debug|x86
		{AA0C00CB-8699-4F37-BFAE-40CA87ACC06D}.Deploy|Any CPU.ActiveCfg = Debug|x86
		{AA0C00CB-8699-4F37-BFAE-40CA87ACC06D}.Deploy|Mixed Platforms.ActiveCfg = Debug|x86
		{AA0C00CB-8699-4F37-BFAE-40CA87ACC06D}.Deploy|Mixed Platforms.Build.0 = Debug|x86
		{AA0C00CB-8699-4F37-BFAE-40CA87ACC06D}.Deploy|x64.ActiveCfg = Debug|x86
		{AA0C00CB-8699-4F37-BFAE-40CA87ACC06D}.Deploy|x86.ActiveCfg = Debug|x86
		{AA0C00CB-8699-4F37-BFAE-40CA87ACC06D}.Deploy|x86.Build.0 = Debug|x86
		{AA0C00CB-8699-4F37-BFAE-40CA87ACC06D}.Release|Any CPU.ActiveCfg = Release|Any CPU
		{AA0C00CB-8699-4F37-BFAE-40CA87ACC06D}.Release|Any CPU.Build.0 = Release|Any CPU
		{AA0C00CB-8699-4F37-BFAE-40CA87ACC06D}.Release|Mixed Platforms.ActiveCfg = Release|x86
		{AA0C00CB-8699-4F37-BFAE-40CA87ACC06D}.Release|Mixed Platforms.Build.0 = Release|x86
		{AA0C00CB-8699-4F37-BFAE-40CA87ACC06D}.Release|x64.ActiveCfg = Release|x64
		{AA0C00CB-8699-4F37-BFAE-40CA87ACC06D}.Release|x64.Build.0 = Release|x64
		{AA0C00CB-8699-4F37-BFAE-40CA87ACC06D}.Release|x86.ActiveCfg = Release|x86
		{AA0C00CB-8699-4F37-BFAE-40CA87ACC06D}.Release|x86.Build.0 = Release|x86
		{4960DD14-3431-47EC-B9D9-9D2730A98DC3}.CodeAnalysisDebug|Any CPU.ActiveCfg = Debug|Any CPU
		{4960DD14-3431-47EC-B9D9-9D2730A98DC3}.CodeAnalysisDebug|Any CPU.Build.0 = Debug|Any CPU
		{4960DD14-3431-47EC-B9D9-9D2730A98DC3}.CodeAnalysisDebug|Mixed Platforms.ActiveCfg = Debug|Any CPU
		{4960DD14-3431-47EC-B9D9-9D2730A98DC3}.CodeAnalysisDebug|Mixed Platforms.Build.0 = Debug|Any CPU
		{4960DD14-3431-47EC-B9D9-9D2730A98DC3}.CodeAnalysisDebug|x64.ActiveCfg = Debug|Any CPU
		{4960DD14-3431-47EC-B9D9-9D2730A98DC3}.CodeAnalysisDebug|x86.ActiveCfg = Debug|Any CPU
		{4960DD14-3431-47EC-B9D9-9D2730A98DC3}.Debug|Any CPU.ActiveCfg = Debug|Any CPU
		{4960DD14-3431-47EC-B9D9-9D2730A98DC3}.Debug|Any CPU.Build.0 = Debug|Any CPU
		{4960DD14-3431-47EC-B9D9-9D2730A98DC3}.Debug|Mixed Platforms.ActiveCfg = Debug|Any CPU
		{4960DD14-3431-47EC-B9D9-9D2730A98DC3}.Debug|Mixed Platforms.Build.0 = Debug|Any CPU
		{4960DD14-3431-47EC-B9D9-9D2730A98DC3}.Debug|x64.ActiveCfg = Debug|Any CPU
		{4960DD14-3431-47EC-B9D9-9D2730A98DC3}.Debug|x86.ActiveCfg = Debug|Any CPU
		{4960DD14-3431-47EC-B9D9-9D2730A98DC3}.Deploy|Any CPU.ActiveCfg = Deploy|Any CPU
		{4960DD14-3431-47EC-B9D9-9D2730A98DC3}.Deploy|Any CPU.Build.0 = Deploy|Any CPU
		{4960DD14-3431-47EC-B9D9-9D2730A98DC3}.Deploy|Mixed Platforms.ActiveCfg = Deploy|Any CPU
		{4960DD14-3431-47EC-B9D9-9D2730A98DC3}.Deploy|Mixed Platforms.Build.0 = Deploy|Any CPU
		{4960DD14-3431-47EC-B9D9-9D2730A98DC3}.Deploy|x64.ActiveCfg = Deploy|Any CPU
		{4960DD14-3431-47EC-B9D9-9D2730A98DC3}.Deploy|x86.ActiveCfg = Deploy|Any CPU
		{4960DD14-3431-47EC-B9D9-9D2730A98DC3}.Release|Any CPU.ActiveCfg = Release|Any CPU
		{4960DD14-3431-47EC-B9D9-9D2730A98DC3}.Release|Any CPU.Build.0 = Release|Any CPU
		{4960DD14-3431-47EC-B9D9-9D2730A98DC3}.Release|Mixed Platforms.ActiveCfg = Release|Any CPU
		{4960DD14-3431-47EC-B9D9-9D2730A98DC3}.Release|Mixed Platforms.Build.0 = Release|Any CPU
		{4960DD14-3431-47EC-B9D9-9D2730A98DC3}.Release|x64.ActiveCfg = Release|Any CPU
		{4960DD14-3431-47EC-B9D9-9D2730A98DC3}.Release|x86.ActiveCfg = Release|Any CPU
		{199C12C4-3EEF-4D08-BAC3-F2A62BCF969C}.CodeAnalysisDebug|Any CPU.ActiveCfg = Debug|Any CPU
		{199C12C4-3EEF-4D08-BAC3-F2A62BCF969C}.CodeAnalysisDebug|Any CPU.Build.0 = Debug|Any CPU
		{199C12C4-3EEF-4D08-BAC3-F2A62BCF969C}.CodeAnalysisDebug|Mixed Platforms.ActiveCfg = Debug|Any CPU
		{199C12C4-3EEF-4D08-BAC3-F2A62BCF969C}.CodeAnalysisDebug|Mixed Platforms.Build.0 = Debug|Any CPU
		{199C12C4-3EEF-4D08-BAC3-F2A62BCF969C}.CodeAnalysisDebug|x64.ActiveCfg = Debug|Any CPU
		{199C12C4-3EEF-4D08-BAC3-F2A62BCF969C}.CodeAnalysisDebug|x86.ActiveCfg = Debug|Any CPU
		{199C12C4-3EEF-4D08-BAC3-F2A62BCF969C}.Debug|Any CPU.ActiveCfg = Debug|Any CPU
		{199C12C4-3EEF-4D08-BAC3-F2A62BCF969C}.Debug|Any CPU.Build.0 = Debug|Any CPU
		{199C12C4-3EEF-4D08-BAC3-F2A62BCF969C}.Debug|Mixed Platforms.ActiveCfg = Debug|Any CPU
		{199C12C4-3EEF-4D08-BAC3-F2A62BCF969C}.Debug|Mixed Platforms.Build.0 = Debug|Any CPU
		{199C12C4-3EEF-4D08-BAC3-F2A62BCF969C}.Debug|x64.ActiveCfg = Debug|Any CPU
		{199C12C4-3EEF-4D08-BAC3-F2A62BCF969C}.Debug|x86.ActiveCfg = Debug|Any CPU
		{199C12C4-3EEF-4D08-BAC3-F2A62BCF969C}.Deploy|Any CPU.ActiveCfg = Debug|Any CPU
		{199C12C4-3EEF-4D08-BAC3-F2A62BCF969C}.Deploy|Any CPU.Build.0 = Debug|Any CPU
		{199C12C4-3EEF-4D08-BAC3-F2A62BCF969C}.Deploy|Mixed Platforms.ActiveCfg = Debug|Any CPU
		{199C12C4-3EEF-4D08-BAC3-F2A62BCF969C}.Deploy|Mixed Platforms.Build.0 = Debug|Any CPU
		{199C12C4-3EEF-4D08-BAC3-F2A62BCF969C}.Deploy|x64.ActiveCfg = Debug|Any CPU
		{199C12C4-3EEF-4D08-BAC3-F2A62BCF969C}.Deploy|x86.ActiveCfg = Debug|Any CPU
		{199C12C4-3EEF-4D08-BAC3-F2A62BCF969C}.Release|Any CPU.ActiveCfg = Release|Any CPU
		{199C12C4-3EEF-4D08-BAC3-F2A62BCF969C}.Release|Any CPU.Build.0 = Release|Any CPU
		{199C12C4-3EEF-4D08-BAC3-F2A62BCF969C}.Release|Mixed Platforms.ActiveCfg = Release|Any CPU
		{199C12C4-3EEF-4D08-BAC3-F2A62BCF969C}.Release|Mixed Platforms.Build.0 = Release|Any CPU
		{199C12C4-3EEF-4D08-BAC3-F2A62BCF969C}.Release|x64.ActiveCfg = Release|Any CPU
		{199C12C4-3EEF-4D08-BAC3-F2A62BCF969C}.Release|x86.ActiveCfg = Release|Any CPU
		{2AAB3F8C-A802-4986-A35D-3C6D0A6BA566}.CodeAnalysisDebug|Any CPU.ActiveCfg = Debug|x86
		{2AAB3F8C-A802-4986-A35D-3C6D0A6BA566}.CodeAnalysisDebug|Mixed Platforms.ActiveCfg = Debug|x86
		{2AAB3F8C-A802-4986-A35D-3C6D0A6BA566}.CodeAnalysisDebug|Mixed Platforms.Build.0 = Debug|x86
		{2AAB3F8C-A802-4986-A35D-3C6D0A6BA566}.CodeAnalysisDebug|x64.ActiveCfg = Debug|x86
		{2AAB3F8C-A802-4986-A35D-3C6D0A6BA566}.CodeAnalysisDebug|x86.ActiveCfg = Debug|x86
		{2AAB3F8C-A802-4986-A35D-3C6D0A6BA566}.CodeAnalysisDebug|x86.Build.0 = Debug|x86
		{2AAB3F8C-A802-4986-A35D-3C6D0A6BA566}.Debug|Any CPU.ActiveCfg = Debug|x86
		{2AAB3F8C-A802-4986-A35D-3C6D0A6BA566}.Debug|Mixed Platforms.ActiveCfg = Debug|x86
		{2AAB3F8C-A802-4986-A35D-3C6D0A6BA566}.Debug|Mixed Platforms.Build.0 = Debug|x86
		{2AAB3F8C-A802-4986-A35D-3C6D0A6BA566}.Debug|x64.ActiveCfg = Debug|x86
		{2AAB3F8C-A802-4986-A35D-3C6D0A6BA566}.Debug|x86.ActiveCfg = Debug|x86
		{2AAB3F8C-A802-4986-A35D-3C6D0A6BA566}.Debug|x86.Build.0 = Debug|x86
		{2AAB3F8C-A802-4986-A35D-3C6D0A6BA566}.Deploy|Any CPU.ActiveCfg = Debug|x86
		{2AAB3F8C-A802-4986-A35D-3C6D0A6BA566}.Deploy|Mixed Platforms.ActiveCfg = Debug|x86
		{2AAB3F8C-A802-4986-A35D-3C6D0A6BA566}.Deploy|Mixed Platforms.Build.0 = Debug|x86
		{2AAB3F8C-A802-4986-A35D-3C6D0A6BA566}.Deploy|x64.ActiveCfg = Debug|x86
		{2AAB3F8C-A802-4986-A35D-3C6D0A6BA566}.Deploy|x86.ActiveCfg = Debug|x86
		{2AAB3F8C-A802-4986-A35D-3C6D0A6BA566}.Deploy|x86.Build.0 = Debug|x86
		{2AAB3F8C-A802-4986-A35D-3C6D0A6BA566}.Release|Any CPU.ActiveCfg = Release|x86
		{2AAB3F8C-A802-4986-A35D-3C6D0A6BA566}.Release|Mixed Platforms.ActiveCfg = Release|x86
		{2AAB3F8C-A802-4986-A35D-3C6D0A6BA566}.Release|Mixed Platforms.Build.0 = Release|x86
		{2AAB3F8C-A802-4986-A35D-3C6D0A6BA566}.Release|x64.ActiveCfg = Release|x86
		{2AAB3F8C-A802-4986-A35D-3C6D0A6BA566}.Release|x86.ActiveCfg = Release|x86
		{2AAB3F8C-A802-4986-A35D-3C6D0A6BA566}.Release|x86.Build.0 = Release|x86
		{5C07EBDF-D43F-4BE9-B560-D7A443C0EDCE}.CodeAnalysisDebug|Any CPU.ActiveCfg = Debug|Any CPU
		{5C07EBDF-D43F-4BE9-B560-D7A443C0EDCE}.CodeAnalysisDebug|Any CPU.Build.0 = Debug|Any CPU
		{5C07EBDF-D43F-4BE9-B560-D7A443C0EDCE}.CodeAnalysisDebug|Mixed Platforms.ActiveCfg = Debug|Any CPU
		{5C07EBDF-D43F-4BE9-B560-D7A443C0EDCE}.CodeAnalysisDebug|Mixed Platforms.Build.0 = Debug|Any CPU
		{5C07EBDF-D43F-4BE9-B560-D7A443C0EDCE}.CodeAnalysisDebug|x64.ActiveCfg = Debug|Any CPU
		{5C07EBDF-D43F-4BE9-B560-D7A443C0EDCE}.CodeAnalysisDebug|x86.ActiveCfg = Debug|Any CPU
		{5C07EBDF-D43F-4BE9-B560-D7A443C0EDCE}.Debug|Any CPU.ActiveCfg = Debug|Any CPU
		{5C07EBDF-D43F-4BE9-B560-D7A443C0EDCE}.Debug|Any CPU.Build.0 = Debug|Any CPU
		{5C07EBDF-D43F-4BE9-B560-D7A443C0EDCE}.Debug|Mixed Platforms.ActiveCfg = Debug|Any CPU
		{5C07EBDF-D43F-4BE9-B560-D7A443C0EDCE}.Debug|Mixed Platforms.Build.0 = Debug|Any CPU
		{5C07EBDF-D43F-4BE9-B560-D7A443C0EDCE}.Debug|x64.ActiveCfg = Debug|Any CPU
		{5C07EBDF-D43F-4BE9-B560-D7A443C0EDCE}.Debug|x86.ActiveCfg = Debug|Any CPU
		{5C07EBDF-D43F-4BE9-B560-D7A443C0EDCE}.Deploy|Any CPU.ActiveCfg = Debug|Any CPU
		{5C07EBDF-D43F-4BE9-B560-D7A443C0EDCE}.Deploy|Any CPU.Build.0 = Debug|Any CPU
		{5C07EBDF-D43F-4BE9-B560-D7A443C0EDCE}.Deploy|Mixed Platforms.ActiveCfg = Debug|Any CPU
		{5C07EBDF-D43F-4BE9-B560-D7A443C0EDCE}.Deploy|Mixed Platforms.Build.0 = Debug|Any CPU
		{5C07EBDF-D43F-4BE9-B560-D7A443C0EDCE}.Deploy|x64.ActiveCfg = Debug|Any CPU
		{5C07EBDF-D43F-4BE9-B560-D7A443C0EDCE}.Deploy|x86.ActiveCfg = Debug|Any CPU
		{5C07EBDF-D43F-4BE9-B560-D7A443C0EDCE}.Release|Any CPU.ActiveCfg = Release|Any CPU
		{5C07EBDF-D43F-4BE9-B560-D7A443C0EDCE}.Release|Any CPU.Build.0 = Release|Any CPU
		{5C07EBDF-D43F-4BE9-B560-D7A443C0EDCE}.Release|Mixed Platforms.ActiveCfg = Release|Any CPU
		{5C07EBDF-D43F-4BE9-B560-D7A443C0EDCE}.Release|Mixed Platforms.Build.0 = Release|Any CPU
		{5C07EBDF-D43F-4BE9-B560-D7A443C0EDCE}.Release|x64.ActiveCfg = Release|Any CPU
		{5C07EBDF-D43F-4BE9-B560-D7A443C0EDCE}.Release|x86.ActiveCfg = Release|Any CPU
		{7D4D18D4-DBD2-4ADC-9D82-397D6C5E9F40}.CodeAnalysisDebug|Any CPU.ActiveCfg = Debug|Any CPU
		{7D4D18D4-DBD2-4ADC-9D82-397D6C5E9F40}.CodeAnalysisDebug|Any CPU.Build.0 = Debug|Any CPU
		{7D4D18D4-DBD2-4ADC-9D82-397D6C5E9F40}.CodeAnalysisDebug|Mixed Platforms.ActiveCfg = Debug|Any CPU
		{7D4D18D4-DBD2-4ADC-9D82-397D6C5E9F40}.CodeAnalysisDebug|Mixed Platforms.Build.0 = Debug|Any CPU
		{7D4D18D4-DBD2-4ADC-9D82-397D6C5E9F40}.CodeAnalysisDebug|x64.ActiveCfg = Debug|Any CPU
		{7D4D18D4-DBD2-4ADC-9D82-397D6C5E9F40}.CodeAnalysisDebug|x86.ActiveCfg = Debug|Any CPU
		{7D4D18D4-DBD2-4ADC-9D82-397D6C5E9F40}.Debug|Any CPU.ActiveCfg = Debug|Any CPU
		{7D4D18D4-DBD2-4ADC-9D82-397D6C5E9F40}.Debug|Any CPU.Build.0 = Debug|Any CPU
		{7D4D18D4-DBD2-4ADC-9D82-397D6C5E9F40}.Debug|Mixed Platforms.ActiveCfg = Debug|Any CPU
		{7D4D18D4-DBD2-4ADC-9D82-397D6C5E9F40}.Debug|Mixed Platforms.Build.0 = Debug|Any CPU
		{7D4D18D4-DBD2-4ADC-9D82-397D6C5E9F40}.Debug|x64.ActiveCfg = Debug|Any CPU
		{7D4D18D4-DBD2-4ADC-9D82-397D6C5E9F40}.Debug|x86.ActiveCfg = Debug|Any CPU
		{7D4D18D4-DBD2-4ADC-9D82-397D6C5E9F40}.Deploy|Any CPU.ActiveCfg = Debug|Any CPU
		{7D4D18D4-DBD2-4ADC-9D82-397D6C5E9F40}.Deploy|Any CPU.Build.0 = Debug|Any CPU
		{7D4D18D4-DBD2-4ADC-9D82-397D6C5E9F40}.Deploy|Mixed Platforms.ActiveCfg = Debug|Any CPU
		{7D4D18D4-DBD2-4ADC-9D82-397D6C5E9F40}.Deploy|Mixed Platforms.Build.0 = Debug|Any CPU
		{7D4D18D4-DBD2-4ADC-9D82-397D6C5E9F40}.Deploy|x64.ActiveCfg = Debug|Any CPU
		{7D4D18D4-DBD2-4ADC-9D82-397D6C5E9F40}.Deploy|x86.ActiveCfg = Debug|Any CPU
		{7D4D18D4-DBD2-4ADC-9D82-397D6C5E9F40}.Release|Any CPU.ActiveCfg = Release|Any CPU
		{7D4D18D4-DBD2-4ADC-9D82-397D6C5E9F40}.Release|Any CPU.Build.0 = Release|Any CPU
		{7D4D18D4-DBD2-4ADC-9D82-397D6C5E9F40}.Release|Mixed Platforms.ActiveCfg = Release|Any CPU
		{7D4D18D4-DBD2-4ADC-9D82-397D6C5E9F40}.Release|Mixed Platforms.Build.0 = Release|Any CPU
		{7D4D18D4-DBD2-4ADC-9D82-397D6C5E9F40}.Release|x64.ActiveCfg = Release|Any CPU
		{7D4D18D4-DBD2-4ADC-9D82-397D6C5E9F40}.Release|x86.ActiveCfg = Release|Any CPU
	EndGlobalSection
	GlobalSection(SolutionProperties) = preSolution
		HideSolutionNode = FALSE
	EndGlobalSection
	GlobalSection(ExtensibilityGlobals) = postSolution
		VisualSVNWorkingCopyRoot = .
	EndGlobalSection
	GlobalSection(SubversionScc) = preSolution
		Svn-Managed = True
		Manager = AnkhSVN - Subversion Support for Visual Studio
	EndGlobalSection
	GlobalSection(NDepend) = preSolution
		Project = ".\BFExplorer.ndproj"
	EndGlobalSection
EndGlobal
