
Microsoft Visual Studio Solution File, Format Version 12.00
# Visual Studio 2012
Project("{FAE04EC0-301F-11D3-BF4B-00C04F79EFBC}") = "BetterExplorer", "BExplorer\BetterExplorer\BetterExplorer.csproj", "{BBD6B64A-5617-4F6C-A5CE-5156365BF33E}"
	ProjectSection(ProjectDependencies) = postProject
		{8E530855-904A-4051-A84A-EF6F21242AA8} = {8E530855-904A-4051-A84A-EF6F21242AA8}
		{D9903E8A-5FC4-43C6-A48D-806742704DE8} = {D9903E8A-5FC4-43C6-A48D-806742704DE8}
		{2AAB3F8C-A802-4986-A35D-3C6D0A6BA566} = {2AAB3F8C-A802-4986-A35D-3C6D0A6BA566}
		{B974F7B0-98DB-43C9-AD54-540361ECC7DA} = {B974F7B0-98DB-43C9-AD54-540361ECC7DA}
		{CCB727C4-6B08-4FCE-BC23-A6D5D47BFB64} = {CCB727C4-6B08-4FCE-BC23-A6D5D47BFB64}
		{740C67C7-6AE5-414B-A3F8-D69355FE508B} = {740C67C7-6AE5-414B-A3F8-D69355FE508B}
	EndProjectSection
EndProject
Project("{FAE04EC0-301F-11D3-BF4B-00C04F79EFBC}") = "Shell", "Windows API Code Pack 1.1\source\WindowsAPICodePack\Shell\Shell.csproj", "{AA0C00CB-8699-4F37-BFAE-40CA87ACC06D}"
EndProject
Project("{FAE04EC0-301F-11D3-BF4B-00C04F79EFBC}") = "SevenZip2010", "SevenZip\SevenZip2010.csproj", "{4960DD14-3431-47EC-B9D9-9D2730A98DC3}"
EndProject
Project("{FAE04EC0-301F-11D3-BF4B-00C04F79EFBC}") = "BetterExplorerOperations", "BetterExplorerOperations\BetterExplorerOperations.csproj", "{2AAB3F8C-A802-4986-A35D-3C6D0A6BA566}"
EndProject
Project("{FAE04EC0-301F-11D3-BF4B-00C04F79EFBC}") = "BetterExplorerShell", "BetterExplorerShell\BetterExplorerShell.csproj", "{CCB727C4-6B08-4FCE-BC23-A6D5D47BFB64}"
EndProject
Project("{FAE04EC0-301F-11D3-BF4B-00C04F79EFBC}") = "BetterExplorerControls", "WpfControlLibrary1\BetterExplorerControls.csproj", "{04270710-E358-46D4-83E5-EB7A9323CCE7}"
EndProject
Project("{8BC9CEB8-8B4A-11D0-8D11-00A0C91BC942}") = "BEApi", "BEApi\BEApi.vcxproj", "{8E530855-904A-4051-A84A-EF6F21242AA8}"
EndProject
Project("{FAE04EC0-301F-11D3-BF4B-00C04F79EFBC}") = "ConsoleControl", "ConsoleControl\ConsoleControl.csproj", "{737CC7F2-EC7C-4800-B7EB-72637E892C42}"
EndProject
Project("{FAE04EC0-301F-11D3-BF4B-00C04F79EFBC}") = "ProcessInterface", "ProcessInterface\ProcessInterface.csproj", "{A4B8573F-EBFC-4140-B8AA-7C037919EF57}"
EndProject
Project("{8BC9CEB8-8B4A-11D0-8D11-00A0C91BC942}") = "libMinHook", "MinHook\libMinHook.vcxproj", "{65021938-D251-46FA-BC3D-85C385D4C06D}"
EndProject
Project("{8BC9CEB8-8B4A-11D0-8D11-00A0C91BC942}") = "BEHookLib", "BEHookLib\QTHookLib.vcxproj", "{740C67C7-6AE5-414B-A3F8-D69355FE508B}"
EndProject
Project("{FAE04EC0-301F-11D3-BF4B-00C04F79EFBC}") = "FileOperation", "FileOperation\FileOperation.csproj", "{B974F7B0-98DB-43C9-AD54-540361ECC7DA}"
EndProject
Project("{FAE04EC0-301F-11D3-BF4B-00C04F79EFBC}") = "NotifyIconWpf", "NotifyIcon\NotifyIconWpf\NotifyIconWpf.csproj", "{7AC63864-7638-41C4-969C-D3197EF2BED9}"
EndProject
Project("{FAE04EC0-301F-11D3-BF4B-00C04F79EFBC}") = "RateBar", "Progress\RateBar.csproj", "{BFBD2F46-ED5F-49A3-ABAD-9BA571EF073E}"
EndProject
Project("{FAE04EC0-301F-11D3-BF4B-00C04F79EFBC}") = "UsbEject", "UsbEject\UsbEject.csproj", "{AE269158-DFA5-4DD7-8AFC-F45FAF2B958C}"
EndProject
Project("{F184B08F-C81C-45F6-A57F-5ABD9991F28F}") = "ImDiskNet", "ImDiskNet\ImDiskNet.vbproj", "{3EFCB6F8-EF7E-4F60-A0DE-BB197240FCC9}"
EndProject
Project("{FAE04EC0-301F-11D3-BF4B-00C04F79EFBC}") = "Fluent dotNET 4.5", "fluent_528456d5eb19\Fluent\Fluent\Fluent dotNET 4.5.csproj", "{D9903E8A-5FC4-43C6-A48D-806742704DE8}"
EndProject
Global
	GlobalSection(SolutionConfigurationPlatforms) = preSolution
		CodeAnalysisDebug|Any CPU = CodeAnalysisDebug|Any CPU
		CodeAnalysisDebug|Mixed Platforms = CodeAnalysisDebug|Mixed Platforms
		CodeAnalysisDebug|Win32 = CodeAnalysisDebug|Win32
		CodeAnalysisDebug|x64 = CodeAnalysisDebug|x64
		CodeAnalysisDebug|x86 = CodeAnalysisDebug|x86
		Debug|Any CPU = Debug|Any CPU
		Debug|Mixed Platforms = Debug|Mixed Platforms
		Debug|Win32 = Debug|Win32
		Debug|x64 = Debug|x64
		Debug|x86 = Debug|x86
		Deploy|Any CPU = Deploy|Any CPU
		Deploy|Mixed Platforms = Deploy|Mixed Platforms
		Deploy|Win32 = Deploy|Win32
		Deploy|x64 = Deploy|x64
		Deploy|x86 = Deploy|x86
		Release|Any CPU = Release|Any CPU
		Release|Mixed Platforms = Release|Mixed Platforms
		Release|Win32 = Release|Win32
		Release|x64 = Release|x64
		Release|x86 = Release|x86
	EndGlobalSection
	GlobalSection(ProjectConfigurationPlatforms) = postSolution
		{BBD6B64A-5617-4F6C-A5CE-5156365BF33E}.CodeAnalysisDebug|Any CPU.ActiveCfg = Debug|x86
		{BBD6B64A-5617-4F6C-A5CE-5156365BF33E}.CodeAnalysisDebug|Mixed Platforms.ActiveCfg = Debug|x86
		{BBD6B64A-5617-4F6C-A5CE-5156365BF33E}.CodeAnalysisDebug|Mixed Platforms.Build.0 = Debug|x86
		{BBD6B64A-5617-4F6C-A5CE-5156365BF33E}.CodeAnalysisDebug|Win32.ActiveCfg = Debug|x86
		{BBD6B64A-5617-4F6C-A5CE-5156365BF33E}.CodeAnalysisDebug|Win32.Build.0 = Debug|x86
		{BBD6B64A-5617-4F6C-A5CE-5156365BF33E}.CodeAnalysisDebug|x64.ActiveCfg = Debug|x86
		{BBD6B64A-5617-4F6C-A5CE-5156365BF33E}.CodeAnalysisDebug|x86.ActiveCfg = Debug|x86
		{BBD6B64A-5617-4F6C-A5CE-5156365BF33E}.CodeAnalysisDebug|x86.Build.0 = Debug|x86
		{BBD6B64A-5617-4F6C-A5CE-5156365BF33E}.Debug|Any CPU.ActiveCfg = Debug|Any CPU
		{BBD6B64A-5617-4F6C-A5CE-5156365BF33E}.Debug|Any CPU.Build.0 = Debug|Any CPU
		{BBD6B64A-5617-4F6C-A5CE-5156365BF33E}.Debug|Mixed Platforms.ActiveCfg = Debug|x86
		{BBD6B64A-5617-4F6C-A5CE-5156365BF33E}.Debug|Mixed Platforms.Build.0 = Debug|x86
		{BBD6B64A-5617-4F6C-A5CE-5156365BF33E}.Debug|Win32.ActiveCfg = Debug|x86
		{BBD6B64A-5617-4F6C-A5CE-5156365BF33E}.Debug|Win32.Build.0 = Debug|x86
		{BBD6B64A-5617-4F6C-A5CE-5156365BF33E}.Debug|x64.ActiveCfg = Debug|x64
		{BBD6B64A-5617-4F6C-A5CE-5156365BF33E}.Debug|x64.Build.0 = Debug|x64
		{BBD6B64A-5617-4F6C-A5CE-5156365BF33E}.Debug|x86.ActiveCfg = Debug|x86
		{BBD6B64A-5617-4F6C-A5CE-5156365BF33E}.Debug|x86.Build.0 = Debug|x86
		{BBD6B64A-5617-4F6C-A5CE-5156365BF33E}.Deploy|Any CPU.ActiveCfg = Debug|x86
		{BBD6B64A-5617-4F6C-A5CE-5156365BF33E}.Deploy|Mixed Platforms.ActiveCfg = Debug|x86
		{BBD6B64A-5617-4F6C-A5CE-5156365BF33E}.Deploy|Mixed Platforms.Build.0 = Debug|x86
		{BBD6B64A-5617-4F6C-A5CE-5156365BF33E}.Deploy|Win32.ActiveCfg = Debug|x86
		{BBD6B64A-5617-4F6C-A5CE-5156365BF33E}.Deploy|Win32.Build.0 = Debug|x86
		{BBD6B64A-5617-4F6C-A5CE-5156365BF33E}.Deploy|x64.ActiveCfg = Debug|x86
		{BBD6B64A-5617-4F6C-A5CE-5156365BF33E}.Deploy|x86.ActiveCfg = Debug|x86
		{BBD6B64A-5617-4F6C-A5CE-5156365BF33E}.Deploy|x86.Build.0 = Debug|x86
		{BBD6B64A-5617-4F6C-A5CE-5156365BF33E}.Release|Any CPU.ActiveCfg = Release|x86
		{BBD6B64A-5617-4F6C-A5CE-5156365BF33E}.Release|Mixed Platforms.ActiveCfg = Release|x86
		{BBD6B64A-5617-4F6C-A5CE-5156365BF33E}.Release|Mixed Platforms.Build.0 = Release|x86
		{BBD6B64A-5617-4F6C-A5CE-5156365BF33E}.Release|Win32.ActiveCfg = Release|x86
		{BBD6B64A-5617-4F6C-A5CE-5156365BF33E}.Release|Win32.Build.0 = Release|x86
		{BBD6B64A-5617-4F6C-A5CE-5156365BF33E}.Release|x64.ActiveCfg = Release|x86
		{BBD6B64A-5617-4F6C-A5CE-5156365BF33E}.Release|x86.ActiveCfg = Release|x86
		{BBD6B64A-5617-4F6C-A5CE-5156365BF33E}.Release|x86.Build.0 = Release|x86
		{AA0C00CB-8699-4F37-BFAE-40CA87ACC06D}.CodeAnalysisDebug|Any CPU.ActiveCfg = CodeAnalysisDebug|Any CPU
		{AA0C00CB-8699-4F37-BFAE-40CA87ACC06D}.CodeAnalysisDebug|Any CPU.Build.0 = CodeAnalysisDebug|Any CPU
		{AA0C00CB-8699-4F37-BFAE-40CA87ACC06D}.CodeAnalysisDebug|Mixed Platforms.ActiveCfg = CodeAnalysisDebug|x86
		{AA0C00CB-8699-4F37-BFAE-40CA87ACC06D}.CodeAnalysisDebug|Mixed Platforms.Build.0 = CodeAnalysisDebug|x86
		{AA0C00CB-8699-4F37-BFAE-40CA87ACC06D}.CodeAnalysisDebug|Win32.ActiveCfg = CodeAnalysisDebug|x86
		{AA0C00CB-8699-4F37-BFAE-40CA87ACC06D}.CodeAnalysisDebug|Win32.Build.0 = CodeAnalysisDebug|x86
		{AA0C00CB-8699-4F37-BFAE-40CA87ACC06D}.CodeAnalysisDebug|x64.ActiveCfg = CodeAnalysisDebug|x64
		{AA0C00CB-8699-4F37-BFAE-40CA87ACC06D}.CodeAnalysisDebug|x64.Build.0 = CodeAnalysisDebug|x64
		{AA0C00CB-8699-4F37-BFAE-40CA87ACC06D}.CodeAnalysisDebug|x86.ActiveCfg = CodeAnalysisDebug|x86
		{AA0C00CB-8699-4F37-BFAE-40CA87ACC06D}.CodeAnalysisDebug|x86.Build.0 = CodeAnalysisDebug|x86
		{AA0C00CB-8699-4F37-BFAE-40CA87ACC06D}.Debug|Any CPU.ActiveCfg = Debug|Any CPU
		{AA0C00CB-8699-4F37-BFAE-40CA87ACC06D}.Debug|Any CPU.Build.0 = Debug|Any CPU
		{AA0C00CB-8699-4F37-BFAE-40CA87ACC06D}.Debug|Mixed Platforms.ActiveCfg = Debug|x86
		{AA0C00CB-8699-4F37-BFAE-40CA87ACC06D}.Debug|Mixed Platforms.Build.0 = Debug|x86
		{AA0C00CB-8699-4F37-BFAE-40CA87ACC06D}.Debug|Win32.ActiveCfg = Debug|x86
		{AA0C00CB-8699-4F37-BFAE-40CA87ACC06D}.Debug|Win32.Build.0 = Debug|x86
		{AA0C00CB-8699-4F37-BFAE-40CA87ACC06D}.Debug|x64.ActiveCfg = Debug|x64
		{AA0C00CB-8699-4F37-BFAE-40CA87ACC06D}.Debug|x64.Build.0 = Debug|x64
		{AA0C00CB-8699-4F37-BFAE-40CA87ACC06D}.Debug|x86.ActiveCfg = Debug|x86
		{AA0C00CB-8699-4F37-BFAE-40CA87ACC06D}.Debug|x86.Build.0 = Debug|x86
		{AA0C00CB-8699-4F37-BFAE-40CA87ACC06D}.Deploy|Any CPU.ActiveCfg = Debug|x86
		{AA0C00CB-8699-4F37-BFAE-40CA87ACC06D}.Deploy|Mixed Platforms.ActiveCfg = Debug|x86
		{AA0C00CB-8699-4F37-BFAE-40CA87ACC06D}.Deploy|Mixed Platforms.Build.0 = Debug|x86
		{AA0C00CB-8699-4F37-BFAE-40CA87ACC06D}.Deploy|Win32.ActiveCfg = Debug|x86
		{AA0C00CB-8699-4F37-BFAE-40CA87ACC06D}.Deploy|Win32.Build.0 = Debug|x86
		{AA0C00CB-8699-4F37-BFAE-40CA87ACC06D}.Deploy|x64.ActiveCfg = Debug|x86
		{AA0C00CB-8699-4F37-BFAE-40CA87ACC06D}.Deploy|x86.ActiveCfg = Debug|x86
		{AA0C00CB-8699-4F37-BFAE-40CA87ACC06D}.Deploy|x86.Build.0 = Debug|x86
		{AA0C00CB-8699-4F37-BFAE-40CA87ACC06D}.Release|Any CPU.ActiveCfg = Release|Any CPU
		{AA0C00CB-8699-4F37-BFAE-40CA87ACC06D}.Release|Any CPU.Build.0 = Release|Any CPU
		{AA0C00CB-8699-4F37-BFAE-40CA87ACC06D}.Release|Mixed Platforms.ActiveCfg = Release|x86
		{AA0C00CB-8699-4F37-BFAE-40CA87ACC06D}.Release|Mixed Platforms.Build.0 = Release|x86
		{AA0C00CB-8699-4F37-BFAE-40CA87ACC06D}.Release|Win32.ActiveCfg = Release|x86
		{AA0C00CB-8699-4F37-BFAE-40CA87ACC06D}.Release|Win32.Build.0 = Release|x86
		{AA0C00CB-8699-4F37-BFAE-40CA87ACC06D}.Release|x64.ActiveCfg = Release|x64
		{AA0C00CB-8699-4F37-BFAE-40CA87ACC06D}.Release|x64.Build.0 = Release|x64
		{AA0C00CB-8699-4F37-BFAE-40CA87ACC06D}.Release|x86.ActiveCfg = Release|x86
		{AA0C00CB-8699-4F37-BFAE-40CA87ACC06D}.Release|x86.Build.0 = Release|x86
		{4960DD14-3431-47EC-B9D9-9D2730A98DC3}.CodeAnalysisDebug|Any CPU.ActiveCfg = Debug|Any CPU
		{4960DD14-3431-47EC-B9D9-9D2730A98DC3}.CodeAnalysisDebug|Any CPU.Build.0 = Debug|Any CPU
		{4960DD14-3431-47EC-B9D9-9D2730A98DC3}.CodeAnalysisDebug|Mixed Platforms.ActiveCfg = Debug|Any CPU
		{4960DD14-3431-47EC-B9D9-9D2730A98DC3}.CodeAnalysisDebug|Mixed Platforms.Build.0 = Debug|Any CPU
		{4960DD14-3431-47EC-B9D9-9D2730A98DC3}.CodeAnalysisDebug|Win32.ActiveCfg = Debug|Any CPU
		{4960DD14-3431-47EC-B9D9-9D2730A98DC3}.CodeAnalysisDebug|x64.ActiveCfg = Debug|Any CPU
		{4960DD14-3431-47EC-B9D9-9D2730A98DC3}.CodeAnalysisDebug|x86.ActiveCfg = Debug|Any CPU
		{4960DD14-3431-47EC-B9D9-9D2730A98DC3}.Debug|Any CPU.ActiveCfg = Debug|Any CPU
		{4960DD14-3431-47EC-B9D9-9D2730A98DC3}.Debug|Any CPU.Build.0 = Debug|Any CPU
		{4960DD14-3431-47EC-B9D9-9D2730A98DC3}.Debug|Mixed Platforms.ActiveCfg = Debug|Any CPU
		{4960DD14-3431-47EC-B9D9-9D2730A98DC3}.Debug|Mixed Platforms.Build.0 = Debug|Any CPU
		{4960DD14-3431-47EC-B9D9-9D2730A98DC3}.Debug|Win32.ActiveCfg = Debug|Any CPU
		{4960DD14-3431-47EC-B9D9-9D2730A98DC3}.Debug|x64.ActiveCfg = Debug|x64
		{4960DD14-3431-47EC-B9D9-9D2730A98DC3}.Debug|x64.Build.0 = Debug|x64
		{4960DD14-3431-47EC-B9D9-9D2730A98DC3}.Debug|x86.ActiveCfg = Debug|x86
		{4960DD14-3431-47EC-B9D9-9D2730A98DC3}.Debug|x86.Build.0 = Debug|x86
		{4960DD14-3431-47EC-B9D9-9D2730A98DC3}.Deploy|Any CPU.ActiveCfg = Deploy|Any CPU
		{4960DD14-3431-47EC-B9D9-9D2730A98DC3}.Deploy|Any CPU.Build.0 = Deploy|Any CPU
		{4960DD14-3431-47EC-B9D9-9D2730A98DC3}.Deploy|Mixed Platforms.ActiveCfg = Deploy|Any CPU
		{4960DD14-3431-47EC-B9D9-9D2730A98DC3}.Deploy|Mixed Platforms.Build.0 = Deploy|Any CPU
		{4960DD14-3431-47EC-B9D9-9D2730A98DC3}.Deploy|Win32.ActiveCfg = Deploy|Any CPU
		{4960DD14-3431-47EC-B9D9-9D2730A98DC3}.Deploy|x64.ActiveCfg = Deploy|Any CPU
		{4960DD14-3431-47EC-B9D9-9D2730A98DC3}.Deploy|x86.ActiveCfg = Deploy|Any CPU
		{4960DD14-3431-47EC-B9D9-9D2730A98DC3}.Release|Any CPU.ActiveCfg = Release|Any CPU
		{4960DD14-3431-47EC-B9D9-9D2730A98DC3}.Release|Any CPU.Build.0 = Release|Any CPU
		{4960DD14-3431-47EC-B9D9-9D2730A98DC3}.Release|Mixed Platforms.ActiveCfg = Release|Any CPU
		{4960DD14-3431-47EC-B9D9-9D2730A98DC3}.Release|Mixed Platforms.Build.0 = Release|Any CPU
		{4960DD14-3431-47EC-B9D9-9D2730A98DC3}.Release|Win32.ActiveCfg = Release|Any CPU
		{4960DD14-3431-47EC-B9D9-9D2730A98DC3}.Release|x64.ActiveCfg = Release|Any CPU
		{4960DD14-3431-47EC-B9D9-9D2730A98DC3}.Release|x86.ActiveCfg = Release|Any CPU
		{2AAB3F8C-A802-4986-A35D-3C6D0A6BA566}.CodeAnalysisDebug|Any CPU.ActiveCfg = Debug|x86
		{2AAB3F8C-A802-4986-A35D-3C6D0A6BA566}.CodeAnalysisDebug|Mixed Platforms.ActiveCfg = Debug|x86
		{2AAB3F8C-A802-4986-A35D-3C6D0A6BA566}.CodeAnalysisDebug|Mixed Platforms.Build.0 = Debug|x86
		{2AAB3F8C-A802-4986-A35D-3C6D0A6BA566}.CodeAnalysisDebug|Win32.ActiveCfg = Debug|x86
		{2AAB3F8C-A802-4986-A35D-3C6D0A6BA566}.CodeAnalysisDebug|Win32.Build.0 = Debug|x86
		{2AAB3F8C-A802-4986-A35D-3C6D0A6BA566}.CodeAnalysisDebug|x64.ActiveCfg = Debug|x86
		{2AAB3F8C-A802-4986-A35D-3C6D0A6BA566}.CodeAnalysisDebug|x86.ActiveCfg = Debug|x86
		{2AAB3F8C-A802-4986-A35D-3C6D0A6BA566}.CodeAnalysisDebug|x86.Build.0 = Debug|x86
		{2AAB3F8C-A802-4986-A35D-3C6D0A6BA566}.Debug|Any CPU.ActiveCfg = Debug|Any CPU
		{2AAB3F8C-A802-4986-A35D-3C6D0A6BA566}.Debug|Any CPU.Build.0 = Debug|Any CPU
		{2AAB3F8C-A802-4986-A35D-3C6D0A6BA566}.Debug|Mixed Platforms.ActiveCfg = Debug|x86
		{2AAB3F8C-A802-4986-A35D-3C6D0A6BA566}.Debug|Mixed Platforms.Build.0 = Debug|x86
		{2AAB3F8C-A802-4986-A35D-3C6D0A6BA566}.Debug|Win32.ActiveCfg = Debug|x86
		{2AAB3F8C-A802-4986-A35D-3C6D0A6BA566}.Debug|Win32.Build.0 = Debug|x86
		{2AAB3F8C-A802-4986-A35D-3C6D0A6BA566}.Debug|x64.ActiveCfg = Debug|x64
		{2AAB3F8C-A802-4986-A35D-3C6D0A6BA566}.Debug|x64.Build.0 = Debug|x64
		{2AAB3F8C-A802-4986-A35D-3C6D0A6BA566}.Debug|x86.ActiveCfg = Debug|x86
		{2AAB3F8C-A802-4986-A35D-3C6D0A6BA566}.Debug|x86.Build.0 = Debug|x86
		{2AAB3F8C-A802-4986-A35D-3C6D0A6BA566}.Deploy|Any CPU.ActiveCfg = Debug|x86
		{2AAB3F8C-A802-4986-A35D-3C6D0A6BA566}.Deploy|Mixed Platforms.ActiveCfg = Debug|x86
		{2AAB3F8C-A802-4986-A35D-3C6D0A6BA566}.Deploy|Mixed Platforms.Build.0 = Debug|x86
		{2AAB3F8C-A802-4986-A35D-3C6D0A6BA566}.Deploy|Win32.ActiveCfg = Debug|x86
		{2AAB3F8C-A802-4986-A35D-3C6D0A6BA566}.Deploy|Win32.Build.0 = Debug|x86
		{2AAB3F8C-A802-4986-A35D-3C6D0A6BA566}.Deploy|x64.ActiveCfg = Debug|x86
		{2AAB3F8C-A802-4986-A35D-3C6D0A6BA566}.Deploy|x86.ActiveCfg = Debug|x86
		{2AAB3F8C-A802-4986-A35D-3C6D0A6BA566}.Deploy|x86.Build.0 = Debug|x86
		{2AAB3F8C-A802-4986-A35D-3C6D0A6BA566}.Release|Any CPU.ActiveCfg = Release|x86
		{2AAB3F8C-A802-4986-A35D-3C6D0A6BA566}.Release|Mixed Platforms.ActiveCfg = Release|x86
		{2AAB3F8C-A802-4986-A35D-3C6D0A6BA566}.Release|Mixed Platforms.Build.0 = Release|x86
		{2AAB3F8C-A802-4986-A35D-3C6D0A6BA566}.Release|Win32.ActiveCfg = Release|x86
		{2AAB3F8C-A802-4986-A35D-3C6D0A6BA566}.Release|Win32.Build.0 = Release|x86
		{2AAB3F8C-A802-4986-A35D-3C6D0A6BA566}.Release|x64.ActiveCfg = Release|x86
		{2AAB3F8C-A802-4986-A35D-3C6D0A6BA566}.Release|x86.ActiveCfg = Release|x86
		{2AAB3F8C-A802-4986-A35D-3C6D0A6BA566}.Release|x86.Build.0 = Release|x86
		{CCB727C4-6B08-4FCE-BC23-A6D5D47BFB64}.CodeAnalysisDebug|Any CPU.ActiveCfg = Debug|x86
		{CCB727C4-6B08-4FCE-BC23-A6D5D47BFB64}.CodeAnalysisDebug|Mixed Platforms.ActiveCfg = Debug|x86
		{CCB727C4-6B08-4FCE-BC23-A6D5D47BFB64}.CodeAnalysisDebug|Mixed Platforms.Build.0 = Debug|x86
		{CCB727C4-6B08-4FCE-BC23-A6D5D47BFB64}.CodeAnalysisDebug|Win32.ActiveCfg = Debug|x86
		{CCB727C4-6B08-4FCE-BC23-A6D5D47BFB64}.CodeAnalysisDebug|Win32.Build.0 = Debug|x86
		{CCB727C4-6B08-4FCE-BC23-A6D5D47BFB64}.CodeAnalysisDebug|x64.ActiveCfg = Debug|x86
		{CCB727C4-6B08-4FCE-BC23-A6D5D47BFB64}.CodeAnalysisDebug|x86.ActiveCfg = Debug|x86
		{CCB727C4-6B08-4FCE-BC23-A6D5D47BFB64}.CodeAnalysisDebug|x86.Build.0 = Debug|x86
		{CCB727C4-6B08-4FCE-BC23-A6D5D47BFB64}.Debug|Any CPU.ActiveCfg = Debug|Any CPU
		{CCB727C4-6B08-4FCE-BC23-A6D5D47BFB64}.Debug|Any CPU.Build.0 = Debug|Any CPU
		{CCB727C4-6B08-4FCE-BC23-A6D5D47BFB64}.Debug|Mixed Platforms.ActiveCfg = Debug|x86
		{CCB727C4-6B08-4FCE-BC23-A6D5D47BFB64}.Debug|Mixed Platforms.Build.0 = Debug|x86
		{CCB727C4-6B08-4FCE-BC23-A6D5D47BFB64}.Debug|Win32.ActiveCfg = Debug|x86
		{CCB727C4-6B08-4FCE-BC23-A6D5D47BFB64}.Debug|Win32.Build.0 = Debug|x86
		{CCB727C4-6B08-4FCE-BC23-A6D5D47BFB64}.Debug|x64.ActiveCfg = Debug|x64
		{CCB727C4-6B08-4FCE-BC23-A6D5D47BFB64}.Debug|x64.Build.0 = Debug|x64
		{CCB727C4-6B08-4FCE-BC23-A6D5D47BFB64}.Debug|x86.ActiveCfg = Debug|x86
		{CCB727C4-6B08-4FCE-BC23-A6D5D47BFB64}.Debug|x86.Build.0 = Debug|x86
		{CCB727C4-6B08-4FCE-BC23-A6D5D47BFB64}.Deploy|Any CPU.ActiveCfg = Debug|x86
		{CCB727C4-6B08-4FCE-BC23-A6D5D47BFB64}.Deploy|Mixed Platforms.ActiveCfg = Debug|x86
		{CCB727C4-6B08-4FCE-BC23-A6D5D47BFB64}.Deploy|Mixed Platforms.Build.0 = Debug|x86
		{CCB727C4-6B08-4FCE-BC23-A6D5D47BFB64}.Deploy|Win32.ActiveCfg = Debug|x86
		{CCB727C4-6B08-4FCE-BC23-A6D5D47BFB64}.Deploy|Win32.Build.0 = Debug|x86
		{CCB727C4-6B08-4FCE-BC23-A6D5D47BFB64}.Deploy|x64.ActiveCfg = Debug|x86
		{CCB727C4-6B08-4FCE-BC23-A6D5D47BFB64}.Deploy|x86.ActiveCfg = Debug|x86
		{CCB727C4-6B08-4FCE-BC23-A6D5D47BFB64}.Deploy|x86.Build.0 = Debug|x86
		{CCB727C4-6B08-4FCE-BC23-A6D5D47BFB64}.Release|Any CPU.ActiveCfg = Release|x86
		{CCB727C4-6B08-4FCE-BC23-A6D5D47BFB64}.Release|Mixed Platforms.ActiveCfg = Release|x86
		{CCB727C4-6B08-4FCE-BC23-A6D5D47BFB64}.Release|Mixed Platforms.Build.0 = Release|x86
		{CCB727C4-6B08-4FCE-BC23-A6D5D47BFB64}.Release|Win32.ActiveCfg = Release|x86
		{CCB727C4-6B08-4FCE-BC23-A6D5D47BFB64}.Release|Win32.Build.0 = Release|x86
		{CCB727C4-6B08-4FCE-BC23-A6D5D47BFB64}.Release|x64.ActiveCfg = Release|x86
		{CCB727C4-6B08-4FCE-BC23-A6D5D47BFB64}.Release|x86.ActiveCfg = Release|x86
		{CCB727C4-6B08-4FCE-BC23-A6D5D47BFB64}.Release|x86.Build.0 = Release|x86
		{04270710-E358-46D4-83E5-EB7A9323CCE7}.CodeAnalysisDebug|Any CPU.ActiveCfg = Debug|Any CPU
		{04270710-E358-46D4-83E5-EB7A9323CCE7}.CodeAnalysisDebug|Any CPU.Build.0 = Debug|Any CPU
		{04270710-E358-46D4-83E5-EB7A9323CCE7}.CodeAnalysisDebug|Mixed Platforms.ActiveCfg = Debug|Any CPU
		{04270710-E358-46D4-83E5-EB7A9323CCE7}.CodeAnalysisDebug|Mixed Platforms.Build.0 = Debug|Any CPU
		{04270710-E358-46D4-83E5-EB7A9323CCE7}.CodeAnalysisDebug|Win32.ActiveCfg = Debug|Any CPU
		{04270710-E358-46D4-83E5-EB7A9323CCE7}.CodeAnalysisDebug|x64.ActiveCfg = Debug|Any CPU
		{04270710-E358-46D4-83E5-EB7A9323CCE7}.CodeAnalysisDebug|x86.ActiveCfg = Debug|Any CPU
		{04270710-E358-46D4-83E5-EB7A9323CCE7}.Debug|Any CPU.ActiveCfg = Debug|Any CPU
		{04270710-E358-46D4-83E5-EB7A9323CCE7}.Debug|Any CPU.Build.0 = Debug|Any CPU
		{04270710-E358-46D4-83E5-EB7A9323CCE7}.Debug|Mixed Platforms.ActiveCfg = Debug|Any CPU
		{04270710-E358-46D4-83E5-EB7A9323CCE7}.Debug|Mixed Platforms.Build.0 = Debug|Any CPU
		{04270710-E358-46D4-83E5-EB7A9323CCE7}.Debug|Win32.ActiveCfg = Debug|Any CPU
		{04270710-E358-46D4-83E5-EB7A9323CCE7}.Debug|x64.ActiveCfg = Debug|x64
		{04270710-E358-46D4-83E5-EB7A9323CCE7}.Debug|x64.Build.0 = Debug|x64
		{04270710-E358-46D4-83E5-EB7A9323CCE7}.Debug|x86.ActiveCfg = Debug|x86
		{04270710-E358-46D4-83E5-EB7A9323CCE7}.Debug|x86.Build.0 = Debug|x86
		{04270710-E358-46D4-83E5-EB7A9323CCE7}.Deploy|Any CPU.ActiveCfg = Debug|Any CPU
		{04270710-E358-46D4-83E5-EB7A9323CCE7}.Deploy|Any CPU.Build.0 = Debug|Any CPU
		{04270710-E358-46D4-83E5-EB7A9323CCE7}.Deploy|Mixed Platforms.ActiveCfg = Debug|Any CPU
		{04270710-E358-46D4-83E5-EB7A9323CCE7}.Deploy|Mixed Platforms.Build.0 = Debug|Any CPU
		{04270710-E358-46D4-83E5-EB7A9323CCE7}.Deploy|Win32.ActiveCfg = Debug|Any CPU
		{04270710-E358-46D4-83E5-EB7A9323CCE7}.Deploy|x64.ActiveCfg = Debug|Any CPU
		{04270710-E358-46D4-83E5-EB7A9323CCE7}.Deploy|x86.ActiveCfg = Debug|Any CPU
		{04270710-E358-46D4-83E5-EB7A9323CCE7}.Release|Any CPU.ActiveCfg = Release|Any CPU
		{04270710-E358-46D4-83E5-EB7A9323CCE7}.Release|Any CPU.Build.0 = Release|Any CPU
		{04270710-E358-46D4-83E5-EB7A9323CCE7}.Release|Mixed Platforms.ActiveCfg = Release|Any CPU
		{04270710-E358-46D4-83E5-EB7A9323CCE7}.Release|Mixed Platforms.Build.0 = Release|Any CPU
		{04270710-E358-46D4-83E5-EB7A9323CCE7}.Release|Win32.ActiveCfg = Release|Any CPU
		{04270710-E358-46D4-83E5-EB7A9323CCE7}.Release|x64.ActiveCfg = Release|Any CPU
		{04270710-E358-46D4-83E5-EB7A9323CCE7}.Release|x86.ActiveCfg = Release|Any CPU
		{8E530855-904A-4051-A84A-EF6F21242AA8}.CodeAnalysisDebug|Any CPU.ActiveCfg = Debug|Win32
		{8E530855-904A-4051-A84A-EF6F21242AA8}.CodeAnalysisDebug|Mixed Platforms.ActiveCfg = Debug|Win32
		{8E530855-904A-4051-A84A-EF6F21242AA8}.CodeAnalysisDebug|Mixed Platforms.Build.0 = Debug|Win32
		{8E530855-904A-4051-A84A-EF6F21242AA8}.CodeAnalysisDebug|Win32.ActiveCfg = Debug|Win32
		{8E530855-904A-4051-A84A-EF6F21242AA8}.CodeAnalysisDebug|Win32.Build.0 = Debug|Win32
		{8E530855-904A-4051-A84A-EF6F21242AA8}.CodeAnalysisDebug|x64.ActiveCfg = Debug|Win32
		{8E530855-904A-4051-A84A-EF6F21242AA8}.CodeAnalysisDebug|x86.ActiveCfg = Debug|Win32
		{8E530855-904A-4051-A84A-EF6F21242AA8}.CodeAnalysisDebug|x86.Build.0 = Debug|Win32
		{8E530855-904A-4051-A84A-EF6F21242AA8}.Debug|Any CPU.ActiveCfg = Release|x64
		{8E530855-904A-4051-A84A-EF6F21242AA8}.Debug|Any CPU.Build.0 = Release|x64
		{8E530855-904A-4051-A84A-EF6F21242AA8}.Debug|Mixed Platforms.ActiveCfg = Debug|Win32
		{8E530855-904A-4051-A84A-EF6F21242AA8}.Debug|Mixed Platforms.Build.0 = Debug|Win32
		{8E530855-904A-4051-A84A-EF6F21242AA8}.Debug|Win32.ActiveCfg = Debug|Win32
		{8E530855-904A-4051-A84A-EF6F21242AA8}.Debug|Win32.Build.0 = Debug|Win32
		{8E530855-904A-4051-A84A-EF6F21242AA8}.Debug|x64.ActiveCfg = Debug|x64
		{8E530855-904A-4051-A84A-EF6F21242AA8}.Debug|x86.ActiveCfg = Release|Win32
		{8E530855-904A-4051-A84A-EF6F21242AA8}.Debug|x86.Build.0 = Release|Win32
		{8E530855-904A-4051-A84A-EF6F21242AA8}.Deploy|Any CPU.ActiveCfg = Debug|Win32
		{8E530855-904A-4051-A84A-EF6F21242AA8}.Deploy|Mixed Platforms.ActiveCfg = Debug|Win32
		{8E530855-904A-4051-A84A-EF6F21242AA8}.Deploy|Mixed Platforms.Build.0 = Debug|Win32
		{8E530855-904A-4051-A84A-EF6F21242AA8}.Deploy|Win32.ActiveCfg = Debug|Win32
		{8E530855-904A-4051-A84A-EF6F21242AA8}.Deploy|Win32.Build.0 = Debug|Win32
		{8E530855-904A-4051-A84A-EF6F21242AA8}.Deploy|x64.ActiveCfg = Debug|Win32
		{8E530855-904A-4051-A84A-EF6F21242AA8}.Deploy|x86.ActiveCfg = Debug|Win32
		{8E530855-904A-4051-A84A-EF6F21242AA8}.Deploy|x86.Build.0 = Debug|Win32
		{8E530855-904A-4051-A84A-EF6F21242AA8}.Release|Any CPU.ActiveCfg = Release|Win32
		{8E530855-904A-4051-A84A-EF6F21242AA8}.Release|Mixed Platforms.ActiveCfg = Release|Win32
		{8E530855-904A-4051-A84A-EF6F21242AA8}.Release|Mixed Platforms.Build.0 = Release|Win32
		{8E530855-904A-4051-A84A-EF6F21242AA8}.Release|Win32.ActiveCfg = Release|Win32
		{8E530855-904A-4051-A84A-EF6F21242AA8}.Release|Win32.Build.0 = Release|Win32
		{8E530855-904A-4051-A84A-EF6F21242AA8}.Release|x64.ActiveCfg = Release|Win32
		{8E530855-904A-4051-A84A-EF6F21242AA8}.Release|x86.ActiveCfg = Release|Win32
		{8E530855-904A-4051-A84A-EF6F21242AA8}.Release|x86.Build.0 = Release|Win32
		{737CC7F2-EC7C-4800-B7EB-72637E892C42}.CodeAnalysisDebug|Any CPU.ActiveCfg = Debug|Any CPU
		{737CC7F2-EC7C-4800-B7EB-72637E892C42}.CodeAnalysisDebug|Any CPU.Build.0 = Debug|Any CPU
		{737CC7F2-EC7C-4800-B7EB-72637E892C42}.CodeAnalysisDebug|Mixed Platforms.ActiveCfg = Debug|Any CPU
		{737CC7F2-EC7C-4800-B7EB-72637E892C42}.CodeAnalysisDebug|Mixed Platforms.Build.0 = Debug|Any CPU
		{737CC7F2-EC7C-4800-B7EB-72637E892C42}.CodeAnalysisDebug|Win32.ActiveCfg = Debug|Any CPU
		{737CC7F2-EC7C-4800-B7EB-72637E892C42}.CodeAnalysisDebug|x64.ActiveCfg = Debug|Any CPU
		{737CC7F2-EC7C-4800-B7EB-72637E892C42}.CodeAnalysisDebug|x86.ActiveCfg = Debug|Any CPU
		{737CC7F2-EC7C-4800-B7EB-72637E892C42}.Debug|Any CPU.ActiveCfg = Debug|Any CPU
		{737CC7F2-EC7C-4800-B7EB-72637E892C42}.Debug|Any CPU.Build.0 = Debug|Any CPU
		{737CC7F2-EC7C-4800-B7EB-72637E892C42}.Debug|Mixed Platforms.ActiveCfg = Debug|Any CPU
		{737CC7F2-EC7C-4800-B7EB-72637E892C42}.Debug|Mixed Platforms.Build.0 = Debug|Any CPU
		{737CC7F2-EC7C-4800-B7EB-72637E892C42}.Debug|Win32.ActiveCfg = Debug|Any CPU
		{737CC7F2-EC7C-4800-B7EB-72637E892C42}.Debug|x64.ActiveCfg = Debug|Any CPU
		{737CC7F2-EC7C-4800-B7EB-72637E892C42}.Debug|x86.ActiveCfg = Debug|Any CPU
		{737CC7F2-EC7C-4800-B7EB-72637E892C42}.Debug|x86.Build.0 = Debug|Any CPU
		{737CC7F2-EC7C-4800-B7EB-72637E892C42}.Deploy|Any CPU.ActiveCfg = Debug|Any CPU
		{737CC7F2-EC7C-4800-B7EB-72637E892C42}.Deploy|Any CPU.Build.0 = Debug|Any CPU
		{737CC7F2-EC7C-4800-B7EB-72637E892C42}.Deploy|Mixed Platforms.ActiveCfg = Debug|Any CPU
		{737CC7F2-EC7C-4800-B7EB-72637E892C42}.Deploy|Mixed Platforms.Build.0 = Debug|Any CPU
		{737CC7F2-EC7C-4800-B7EB-72637E892C42}.Deploy|Win32.ActiveCfg = Debug|Any CPU
		{737CC7F2-EC7C-4800-B7EB-72637E892C42}.Deploy|x64.ActiveCfg = Debug|Any CPU
		{737CC7F2-EC7C-4800-B7EB-72637E892C42}.Deploy|x86.ActiveCfg = Debug|Any CPU
		{737CC7F2-EC7C-4800-B7EB-72637E892C42}.Release|Any CPU.ActiveCfg = Release|Any CPU
		{737CC7F2-EC7C-4800-B7EB-72637E892C42}.Release|Any CPU.Build.0 = Release|Any CPU
		{737CC7F2-EC7C-4800-B7EB-72637E892C42}.Release|Mixed Platforms.ActiveCfg = Release|Any CPU
		{737CC7F2-EC7C-4800-B7EB-72637E892C42}.Release|Mixed Platforms.Build.0 = Release|Any CPU
		{737CC7F2-EC7C-4800-B7EB-72637E892C42}.Release|Win32.ActiveCfg = Release|Any CPU
		{737CC7F2-EC7C-4800-B7EB-72637E892C42}.Release|x64.ActiveCfg = Release|Any CPU
		{737CC7F2-EC7C-4800-B7EB-72637E892C42}.Release|x86.ActiveCfg = Release|Any CPU
		{A4B8573F-EBFC-4140-B8AA-7C037919EF57}.CodeAnalysisDebug|Any CPU.ActiveCfg = Debug|Any CPU
		{A4B8573F-EBFC-4140-B8AA-7C037919EF57}.CodeAnalysisDebug|Any CPU.Build.0 = Debug|Any CPU
		{A4B8573F-EBFC-4140-B8AA-7C037919EF57}.CodeAnalysisDebug|Mixed Platforms.ActiveCfg = Debug|Any CPU
		{A4B8573F-EBFC-4140-B8AA-7C037919EF57}.CodeAnalysisDebug|Mixed Platforms.Build.0 = Debug|Any CPU
		{A4B8573F-EBFC-4140-B8AA-7C037919EF57}.CodeAnalysisDebug|Win32.ActiveCfg = Debug|Any CPU
		{A4B8573F-EBFC-4140-B8AA-7C037919EF57}.CodeAnalysisDebug|x64.ActiveCfg = Debug|Any CPU
		{A4B8573F-EBFC-4140-B8AA-7C037919EF57}.CodeAnalysisDebug|x86.ActiveCfg = Debug|Any CPU
		{A4B8573F-EBFC-4140-B8AA-7C037919EF57}.Debug|Any CPU.ActiveCfg = Debug|Any CPU
		{A4B8573F-EBFC-4140-B8AA-7C037919EF57}.Debug|Any CPU.Build.0 = Debug|Any CPU
		{A4B8573F-EBFC-4140-B8AA-7C037919EF57}.Debug|Mixed Platforms.ActiveCfg = Debug|Any CPU
		{A4B8573F-EBFC-4140-B8AA-7C037919EF57}.Debug|Mixed Platforms.Build.0 = Debug|Any CPU
		{A4B8573F-EBFC-4140-B8AA-7C037919EF57}.Debug|Win32.ActiveCfg = Debug|Any CPU
		{A4B8573F-EBFC-4140-B8AA-7C037919EF57}.Debug|x64.ActiveCfg = Debug|Any CPU
		{A4B8573F-EBFC-4140-B8AA-7C037919EF57}.Debug|x86.ActiveCfg = Debug|Any CPU
		{A4B8573F-EBFC-4140-B8AA-7C037919EF57}.Debug|x86.Build.0 = Debug|Any CPU
		{A4B8573F-EBFC-4140-B8AA-7C037919EF57}.Deploy|Any CPU.ActiveCfg = Debug|Any CPU
		{A4B8573F-EBFC-4140-B8AA-7C037919EF57}.Deploy|Any CPU.Build.0 = Debug|Any CPU
		{A4B8573F-EBFC-4140-B8AA-7C037919EF57}.Deploy|Mixed Platforms.ActiveCfg = Debug|Any CPU
		{A4B8573F-EBFC-4140-B8AA-7C037919EF57}.Deploy|Mixed Platforms.Build.0 = Debug|Any CPU
		{A4B8573F-EBFC-4140-B8AA-7C037919EF57}.Deploy|Win32.ActiveCfg = Debug|Any CPU
		{A4B8573F-EBFC-4140-B8AA-7C037919EF57}.Deploy|x64.ActiveCfg = Debug|Any CPU
		{A4B8573F-EBFC-4140-B8AA-7C037919EF57}.Deploy|x86.ActiveCfg = Debug|Any CPU
		{A4B8573F-EBFC-4140-B8AA-7C037919EF57}.Release|Any CPU.ActiveCfg = Release|Any CPU
		{A4B8573F-EBFC-4140-B8AA-7C037919EF57}.Release|Any CPU.Build.0 = Release|Any CPU
		{A4B8573F-EBFC-4140-B8AA-7C037919EF57}.Release|Mixed Platforms.ActiveCfg = Release|Any CPU
		{A4B8573F-EBFC-4140-B8AA-7C037919EF57}.Release|Mixed Platforms.Build.0 = Release|Any CPU
		{A4B8573F-EBFC-4140-B8AA-7C037919EF57}.Release|Win32.ActiveCfg = Release|Any CPU
		{A4B8573F-EBFC-4140-B8AA-7C037919EF57}.Release|x64.ActiveCfg = Release|Any CPU
		{A4B8573F-EBFC-4140-B8AA-7C037919EF57}.Release|x86.ActiveCfg = Release|Any CPU
		{65021938-D251-46FA-BC3D-85C385D4C06D}.CodeAnalysisDebug|Any CPU.ActiveCfg = Debug|Win32
		{65021938-D251-46FA-BC3D-85C385D4C06D}.CodeAnalysisDebug|Mixed Platforms.ActiveCfg = Debug|Win32
		{65021938-D251-46FA-BC3D-85C385D4C06D}.CodeAnalysisDebug|Mixed Platforms.Build.0 = Debug|Win32
		{65021938-D251-46FA-BC3D-85C385D4C06D}.CodeAnalysisDebug|Win32.ActiveCfg = Debug|Win32
		{65021938-D251-46FA-BC3D-85C385D4C06D}.CodeAnalysisDebug|Win32.Build.0 = Debug|Win32
		{65021938-D251-46FA-BC3D-85C385D4C06D}.CodeAnalysisDebug|x64.ActiveCfg = Debug|x64
		{65021938-D251-46FA-BC3D-85C385D4C06D}.CodeAnalysisDebug|x64.Build.0 = Debug|x64
		{65021938-D251-46FA-BC3D-85C385D4C06D}.CodeAnalysisDebug|x86.ActiveCfg = Debug|Win32
		{65021938-D251-46FA-BC3D-85C385D4C06D}.CodeAnalysisDebug|x86.Build.0 = Debug|Win32
		{65021938-D251-46FA-BC3D-85C385D4C06D}.Debug|Any CPU.ActiveCfg = Release|x64
		{65021938-D251-46FA-BC3D-85C385D4C06D}.Debug|Any CPU.Build.0 = Release|x64
		{65021938-D251-46FA-BC3D-85C385D4C06D}.Debug|Mixed Platforms.ActiveCfg = Debug|Win32
		{65021938-D251-46FA-BC3D-85C385D4C06D}.Debug|Mixed Platforms.Build.0 = Debug|Win32
		{65021938-D251-46FA-BC3D-85C385D4C06D}.Debug|Win32.ActiveCfg = Debug|Win32
		{65021938-D251-46FA-BC3D-85C385D4C06D}.Debug|Win32.Build.0 = Debug|Win32
		{65021938-D251-46FA-BC3D-85C385D4C06D}.Debug|x64.ActiveCfg = Debug|x64
		{65021938-D251-46FA-BC3D-85C385D4C06D}.Debug|x64.Build.0 = Debug|x64
		{65021938-D251-46FA-BC3D-85C385D4C06D}.Debug|x86.ActiveCfg = Release|Win32
		{65021938-D251-46FA-BC3D-85C385D4C06D}.Debug|x86.Build.0 = Release|Win32
		{65021938-D251-46FA-BC3D-85C385D4C06D}.Deploy|Any CPU.ActiveCfg = Debug|Win32
		{65021938-D251-46FA-BC3D-85C385D4C06D}.Deploy|Mixed Platforms.ActiveCfg = Debug|Win32
		{65021938-D251-46FA-BC3D-85C385D4C06D}.Deploy|Mixed Platforms.Build.0 = Debug|Win32
		{65021938-D251-46FA-BC3D-85C385D4C06D}.Deploy|Win32.ActiveCfg = Debug|Win32
		{65021938-D251-46FA-BC3D-85C385D4C06D}.Deploy|Win32.Build.0 = Debug|Win32
		{65021938-D251-46FA-BC3D-85C385D4C06D}.Deploy|x64.ActiveCfg = Debug|x64
		{65021938-D251-46FA-BC3D-85C385D4C06D}.Deploy|x64.Build.0 = Debug|x64
		{65021938-D251-46FA-BC3D-85C385D4C06D}.Deploy|x86.ActiveCfg = Debug|Win32
		{65021938-D251-46FA-BC3D-85C385D4C06D}.Deploy|x86.Build.0 = Debug|Win32
		{65021938-D251-46FA-BC3D-85C385D4C06D}.Release|Any CPU.ActiveCfg = Release|Win32
		{65021938-D251-46FA-BC3D-85C385D4C06D}.Release|Mixed Platforms.ActiveCfg = Release|Win32
		{65021938-D251-46FA-BC3D-85C385D4C06D}.Release|Mixed Platforms.Build.0 = Release|Win32
		{65021938-D251-46FA-BC3D-85C385D4C06D}.Release|Win32.ActiveCfg = Release|Win32
		{65021938-D251-46FA-BC3D-85C385D4C06D}.Release|Win32.Build.0 = Release|Win32
		{65021938-D251-46FA-BC3D-85C385D4C06D}.Release|x64.ActiveCfg = Release|x64
		{65021938-D251-46FA-BC3D-85C385D4C06D}.Release|x64.Build.0 = Release|x64
		{65021938-D251-46FA-BC3D-85C385D4C06D}.Release|x86.ActiveCfg = Release|Win32
		{65021938-D251-46FA-BC3D-85C385D4C06D}.Release|x86.Build.0 = Release|Win32
		{740C67C7-6AE5-414B-A3F8-D69355FE508B}.CodeAnalysisDebug|Any CPU.ActiveCfg = Debug|Win32
		{740C67C7-6AE5-414B-A3F8-D69355FE508B}.CodeAnalysisDebug|Mixed Platforms.ActiveCfg = Debug|Win32
		{740C67C7-6AE5-414B-A3F8-D69355FE508B}.CodeAnalysisDebug|Mixed Platforms.Build.0 = Debug|Win32
		{740C67C7-6AE5-414B-A3F8-D69355FE508B}.CodeAnalysisDebug|Win32.ActiveCfg = Debug|Win32
		{740C67C7-6AE5-414B-A3F8-D69355FE508B}.CodeAnalysisDebug|Win32.Build.0 = Debug|Win32
		{740C67C7-6AE5-414B-A3F8-D69355FE508B}.CodeAnalysisDebug|x64.ActiveCfg = Debug|x64
		{740C67C7-6AE5-414B-A3F8-D69355FE508B}.CodeAnalysisDebug|x64.Build.0 = Debug|x64
		{740C67C7-6AE5-414B-A3F8-D69355FE508B}.CodeAnalysisDebug|x86.ActiveCfg = Debug|Win32
		{740C67C7-6AE5-414B-A3F8-D69355FE508B}.CodeAnalysisDebug|x86.Build.0 = Debug|Win32
		{740C67C7-6AE5-414B-A3F8-D69355FE508B}.Debug|Any CPU.ActiveCfg = Release|x64
		{740C67C7-6AE5-414B-A3F8-D69355FE508B}.Debug|Any CPU.Build.0 = Release|x64
		{740C67C7-6AE5-414B-A3F8-D69355FE508B}.Debug|Mixed Platforms.ActiveCfg = Debug|Win32
		{740C67C7-6AE5-414B-A3F8-D69355FE508B}.Debug|Mixed Platforms.Build.0 = Debug|Win32
		{740C67C7-6AE5-414B-A3F8-D69355FE508B}.Debug|Win32.ActiveCfg = Debug|Win32
		{740C67C7-6AE5-414B-A3F8-D69355FE508B}.Debug|Win32.Build.0 = Debug|Win32
		{740C67C7-6AE5-414B-A3F8-D69355FE508B}.Debug|x64.ActiveCfg = Debug|x64
		{740C67C7-6AE5-414B-A3F8-D69355FE508B}.Debug|x64.Build.0 = Debug|x64
		{740C67C7-6AE5-414B-A3F8-D69355FE508B}.Debug|x86.ActiveCfg = Release|Win32
		{740C67C7-6AE5-414B-A3F8-D69355FE508B}.Debug|x86.Build.0 = Release|Win32
		{740C67C7-6AE5-414B-A3F8-D69355FE508B}.Deploy|Any CPU.ActiveCfg = Debug|Win32
		{740C67C7-6AE5-414B-A3F8-D69355FE508B}.Deploy|Mixed Platforms.ActiveCfg = Debug|Win32
		{740C67C7-6AE5-414B-A3F8-D69355FE508B}.Deploy|Mixed Platforms.Build.0 = Debug|Win32
		{740C67C7-6AE5-414B-A3F8-D69355FE508B}.Deploy|Win32.ActiveCfg = Debug|Win32
		{740C67C7-6AE5-414B-A3F8-D69355FE508B}.Deploy|Win32.Build.0 = Debug|Win32
		{740C67C7-6AE5-414B-A3F8-D69355FE508B}.Deploy|x64.ActiveCfg = Debug|x64
		{740C67C7-6AE5-414B-A3F8-D69355FE508B}.Deploy|x64.Build.0 = Debug|x64
		{740C67C7-6AE5-414B-A3F8-D69355FE508B}.Deploy|x86.ActiveCfg = Debug|Win32
		{740C67C7-6AE5-414B-A3F8-D69355FE508B}.Deploy|x86.Build.0 = Debug|Win32
		{740C67C7-6AE5-414B-A3F8-D69355FE508B}.Release|Any CPU.ActiveCfg = Release|Win32
		{740C67C7-6AE5-414B-A3F8-D69355FE508B}.Release|Mixed Platforms.ActiveCfg = Release|Win32
		{740C67C7-6AE5-414B-A3F8-D69355FE508B}.Release|Mixed Platforms.Build.0 = Release|Win32
		{740C67C7-6AE5-414B-A3F8-D69355FE508B}.Release|Win32.ActiveCfg = Release|Win32
		{740C67C7-6AE5-414B-A3F8-D69355FE508B}.Release|Win32.Build.0 = Release|Win32
		{740C67C7-6AE5-414B-A3F8-D69355FE508B}.Release|x64.ActiveCfg = Release|x64
		{740C67C7-6AE5-414B-A3F8-D69355FE508B}.Release|x64.Build.0 = Release|x64
		{740C67C7-6AE5-414B-A3F8-D69355FE508B}.Release|x86.ActiveCfg = Release|Win32
		{740C67C7-6AE5-414B-A3F8-D69355FE508B}.Release|x86.Build.0 = Release|Win32
		{B974F7B0-98DB-43C9-AD54-540361ECC7DA}.CodeAnalysisDebug|Any CPU.ActiveCfg = Debug|Any CPU
		{B974F7B0-98DB-43C9-AD54-540361ECC7DA}.CodeAnalysisDebug|Any CPU.Build.0 = Debug|Any CPU
		{B974F7B0-98DB-43C9-AD54-540361ECC7DA}.CodeAnalysisDebug|Mixed Platforms.ActiveCfg = Debug|Any CPU
		{B974F7B0-98DB-43C9-AD54-540361ECC7DA}.CodeAnalysisDebug|Mixed Platforms.Build.0 = Debug|Any CPU
		{B974F7B0-98DB-43C9-AD54-540361ECC7DA}.CodeAnalysisDebug|Win32.ActiveCfg = Debug|Any CPU
		{B974F7B0-98DB-43C9-AD54-540361ECC7DA}.CodeAnalysisDebug|x64.ActiveCfg = Debug|Any CPU
		{B974F7B0-98DB-43C9-AD54-540361ECC7DA}.CodeAnalysisDebug|x86.ActiveCfg = Debug|Any CPU
		{B974F7B0-98DB-43C9-AD54-540361ECC7DA}.Debug|Any CPU.ActiveCfg = Debug|Any CPU
		{B974F7B0-98DB-43C9-AD54-540361ECC7DA}.Debug|Any CPU.Build.0 = Debug|Any CPU
		{B974F7B0-98DB-43C9-AD54-540361ECC7DA}.Debug|Mixed Platforms.ActiveCfg = Debug|Any CPU
		{B974F7B0-98DB-43C9-AD54-540361ECC7DA}.Debug|Mixed Platforms.Build.0 = Debug|Any CPU
		{B974F7B0-98DB-43C9-AD54-540361ECC7DA}.Debug|Win32.ActiveCfg = Debug|Any CPU
		{B974F7B0-98DB-43C9-AD54-540361ECC7DA}.Debug|x64.ActiveCfg = Debug|Any CPU
		{B974F7B0-98DB-43C9-AD54-540361ECC7DA}.Debug|x86.ActiveCfg = Debug|Any CPU
		{B974F7B0-98DB-43C9-AD54-540361ECC7DA}.Debug|x86.Build.0 = Debug|Any CPU
		{B974F7B0-98DB-43C9-AD54-540361ECC7DA}.Deploy|Any CPU.ActiveCfg = Debug|Any CPU
		{B974F7B0-98DB-43C9-AD54-540361ECC7DA}.Deploy|Any CPU.Build.0 = Debug|Any CPU
		{B974F7B0-98DB-43C9-AD54-540361ECC7DA}.Deploy|Mixed Platforms.ActiveCfg = Debug|Any CPU
		{B974F7B0-98DB-43C9-AD54-540361ECC7DA}.Deploy|Mixed Platforms.Build.0 = Debug|Any CPU
		{B974F7B0-98DB-43C9-AD54-540361ECC7DA}.Deploy|Win32.ActiveCfg = Debug|Any CPU
		{B974F7B0-98DB-43C9-AD54-540361ECC7DA}.Deploy|x64.ActiveCfg = Debug|Any CPU
		{B974F7B0-98DB-43C9-AD54-540361ECC7DA}.Deploy|x86.ActiveCfg = Debug|Any CPU
		{B974F7B0-98DB-43C9-AD54-540361ECC7DA}.Release|Any CPU.ActiveCfg = Release|Any CPU
		{B974F7B0-98DB-43C9-AD54-540361ECC7DA}.Release|Any CPU.Build.0 = Release|Any CPU
		{B974F7B0-98DB-43C9-AD54-540361ECC7DA}.Release|Mixed Platforms.ActiveCfg = Release|Any CPU
		{B974F7B0-98DB-43C9-AD54-540361ECC7DA}.Release|Mixed Platforms.Build.0 = Release|Any CPU
		{B974F7B0-98DB-43C9-AD54-540361ECC7DA}.Release|Win32.ActiveCfg = Release|Any CPU
		{B974F7B0-98DB-43C9-AD54-540361ECC7DA}.Release|x64.ActiveCfg = Release|Any CPU
		{B974F7B0-98DB-43C9-AD54-540361ECC7DA}.Release|x86.ActiveCfg = Release|Any CPU
		{7AC63864-7638-41C4-969C-D3197EF2BED9}.CodeAnalysisDebug|Any CPU.ActiveCfg = Debug|Any CPU
		{7AC63864-7638-41C4-969C-D3197EF2BED9}.CodeAnalysisDebug|Any CPU.Build.0 = Debug|Any CPU
		{7AC63864-7638-41C4-969C-D3197EF2BED9}.CodeAnalysisDebug|Mixed Platforms.ActiveCfg = Debug|Any CPU
		{7AC63864-7638-41C4-969C-D3197EF2BED9}.CodeAnalysisDebug|Mixed Platforms.Build.0 = Debug|Any CPU
		{7AC63864-7638-41C4-969C-D3197EF2BED9}.CodeAnalysisDebug|Win32.ActiveCfg = Debug|Any CPU
		{7AC63864-7638-41C4-969C-D3197EF2BED9}.CodeAnalysisDebug|x64.ActiveCfg = Debug|Any CPU
		{7AC63864-7638-41C4-969C-D3197EF2BED9}.CodeAnalysisDebug|x86.ActiveCfg = Debug|Any CPU
		{7AC63864-7638-41C4-969C-D3197EF2BED9}.Debug|Any CPU.ActiveCfg = Debug|Any CPU
		{7AC63864-7638-41C4-969C-D3197EF2BED9}.Debug|Any CPU.Build.0 = Debug|Any CPU
		{7AC63864-7638-41C4-969C-D3197EF2BED9}.Debug|Mixed Platforms.ActiveCfg = Debug|Any CPU
		{7AC63864-7638-41C4-969C-D3197EF2BED9}.Debug|Mixed Platforms.Build.0 = Debug|Any CPU
		{7AC63864-7638-41C4-969C-D3197EF2BED9}.Debug|Win32.ActiveCfg = Debug|Any CPU
		{7AC63864-7638-41C4-969C-D3197EF2BED9}.Debug|x64.ActiveCfg = Debug|Any CPU
		{7AC63864-7638-41C4-969C-D3197EF2BED9}.Debug|x86.ActiveCfg = Debug|Any CPU
		{7AC63864-7638-41C4-969C-D3197EF2BED9}.Deploy|Any CPU.ActiveCfg = Debug|Any CPU
		{7AC63864-7638-41C4-969C-D3197EF2BED9}.Deploy|Any CPU.Build.0 = Debug|Any CPU
		{7AC63864-7638-41C4-969C-D3197EF2BED9}.Deploy|Mixed Platforms.ActiveCfg = Debug|Any CPU
		{7AC63864-7638-41C4-969C-D3197EF2BED9}.Deploy|Mixed Platforms.Build.0 = Debug|Any CPU
		{7AC63864-7638-41C4-969C-D3197EF2BED9}.Deploy|Win32.ActiveCfg = Debug|Any CPU
		{7AC63864-7638-41C4-969C-D3197EF2BED9}.Deploy|x64.ActiveCfg = Debug|Any CPU
		{7AC63864-7638-41C4-969C-D3197EF2BED9}.Deploy|x86.ActiveCfg = Debug|Any CPU
		{7AC63864-7638-41C4-969C-D3197EF2BED9}.Release|Any CPU.ActiveCfg = Release|Any CPU
		{7AC63864-7638-41C4-969C-D3197EF2BED9}.Release|Any CPU.Build.0 = Release|Any CPU
		{7AC63864-7638-41C4-969C-D3197EF2BED9}.Release|Mixed Platforms.ActiveCfg = Release|Any CPU
		{7AC63864-7638-41C4-969C-D3197EF2BED9}.Release|Mixed Platforms.Build.0 = Release|Any CPU
		{7AC63864-7638-41C4-969C-D3197EF2BED9}.Release|Win32.ActiveCfg = Release|Any CPU
		{7AC63864-7638-41C4-969C-D3197EF2BED9}.Release|x64.ActiveCfg = Release|Any CPU
		{7AC63864-7638-41C4-969C-D3197EF2BED9}.Release|x86.ActiveCfg = Release|Any CPU
		{BFBD2F46-ED5F-49A3-ABAD-9BA571EF073E}.CodeAnalysisDebug|Any CPU.ActiveCfg = Debug|Any CPU
		{BFBD2F46-ED5F-49A3-ABAD-9BA571EF073E}.CodeAnalysisDebug|Any CPU.Build.0 = Debug|Any CPU
		{BFBD2F46-ED5F-49A3-ABAD-9BA571EF073E}.CodeAnalysisDebug|Mixed Platforms.ActiveCfg = Debug|Any CPU
		{BFBD2F46-ED5F-49A3-ABAD-9BA571EF073E}.CodeAnalysisDebug|Mixed Platforms.Build.0 = Debug|Any CPU
		{BFBD2F46-ED5F-49A3-ABAD-9BA571EF073E}.CodeAnalysisDebug|Win32.ActiveCfg = Debug|Any CPU
		{BFBD2F46-ED5F-49A3-ABAD-9BA571EF073E}.CodeAnalysisDebug|x64.ActiveCfg = Debug|Any CPU
		{BFBD2F46-ED5F-49A3-ABAD-9BA571EF073E}.CodeAnalysisDebug|x86.ActiveCfg = Debug|Any CPU
		{BFBD2F46-ED5F-49A3-ABAD-9BA571EF073E}.Debug|Any CPU.ActiveCfg = Debug|Any CPU
		{BFBD2F46-ED5F-49A3-ABAD-9BA571EF073E}.Debug|Any CPU.Build.0 = Debug|Any CPU
		{BFBD2F46-ED5F-49A3-ABAD-9BA571EF073E}.Debug|Mixed Platforms.ActiveCfg = Debug|Any CPU
		{BFBD2F46-ED5F-49A3-ABAD-9BA571EF073E}.Debug|Mixed Platforms.Build.0 = Debug|Any CPU
		{BFBD2F46-ED5F-49A3-ABAD-9BA571EF073E}.Debug|Win32.ActiveCfg = Debug|Any CPU
		{BFBD2F46-ED5F-49A3-ABAD-9BA571EF073E}.Debug|x64.ActiveCfg = Debug|Any CPU
		{BFBD2F46-ED5F-49A3-ABAD-9BA571EF073E}.Debug|x86.ActiveCfg = Debug|Any CPU
		{BFBD2F46-ED5F-49A3-ABAD-9BA571EF073E}.Deploy|Any CPU.ActiveCfg = Debug|Any CPU
		{BFBD2F46-ED5F-49A3-ABAD-9BA571EF073E}.Deploy|Any CPU.Build.0 = Debug|Any CPU
		{BFBD2F46-ED5F-49A3-ABAD-9BA571EF073E}.Deploy|Mixed Platforms.ActiveCfg = Debug|Any CPU
		{BFBD2F46-ED5F-49A3-ABAD-9BA571EF073E}.Deploy|Mixed Platforms.Build.0 = Debug|Any CPU
		{BFBD2F46-ED5F-49A3-ABAD-9BA571EF073E}.Deploy|Win32.ActiveCfg = Debug|Any CPU
		{BFBD2F46-ED5F-49A3-ABAD-9BA571EF073E}.Deploy|x64.ActiveCfg = Debug|Any CPU
		{BFBD2F46-ED5F-49A3-ABAD-9BA571EF073E}.Deploy|x86.ActiveCfg = Debug|Any CPU
		{BFBD2F46-ED5F-49A3-ABAD-9BA571EF073E}.Release|Any CPU.ActiveCfg = Release|Any CPU
		{BFBD2F46-ED5F-49A3-ABAD-9BA571EF073E}.Release|Any CPU.Build.0 = Release|Any CPU
		{BFBD2F46-ED5F-49A3-ABAD-9BA571EF073E}.Release|Mixed Platforms.ActiveCfg = Release|Any CPU
		{BFBD2F46-ED5F-49A3-ABAD-9BA571EF073E}.Release|Mixed Platforms.Build.0 = Release|Any CPU
		{BFBD2F46-ED5F-49A3-ABAD-9BA571EF073E}.Release|Win32.ActiveCfg = Release|Any CPU
		{BFBD2F46-ED5F-49A3-ABAD-9BA571EF073E}.Release|x64.ActiveCfg = Release|Any CPU
		{BFBD2F46-ED5F-49A3-ABAD-9BA571EF073E}.Release|x86.ActiveCfg = Release|Any CPU
		{AE269158-DFA5-4DD7-8AFC-F45FAF2B958C}.CodeAnalysisDebug|Any CPU.ActiveCfg = Debug|x86
		{AE269158-DFA5-4DD7-8AFC-F45FAF2B958C}.CodeAnalysisDebug|Any CPU.Build.0 = Debug|x86
		{AE269158-DFA5-4DD7-8AFC-F45FAF2B958C}.CodeAnalysisDebug|Mixed Platforms.ActiveCfg = Debug|Any CPU
		{AE269158-DFA5-4DD7-8AFC-F45FAF2B958C}.CodeAnalysisDebug|Mixed Platforms.Build.0 = Debug|Any CPU
		{AE269158-DFA5-4DD7-8AFC-F45FAF2B958C}.CodeAnalysisDebug|Win32.ActiveCfg = Debug|Any CPU
		{AE269158-DFA5-4DD7-8AFC-F45FAF2B958C}.CodeAnalysisDebug|x64.ActiveCfg = Debug|Any CPU
		{AE269158-DFA5-4DD7-8AFC-F45FAF2B958C}.CodeAnalysisDebug|x86.ActiveCfg = Debug|Any CPU
		{AE269158-DFA5-4DD7-8AFC-F45FAF2B958C}.Debug|Any CPU.ActiveCfg = Debug|Any CPU
		{AE269158-DFA5-4DD7-8AFC-F45FAF2B958C}.Debug|Any CPU.Build.0 = Debug|Any CPU
		{AE269158-DFA5-4DD7-8AFC-F45FAF2B958C}.Debug|Mixed Platforms.ActiveCfg = Debug|x86
		{AE269158-DFA5-4DD7-8AFC-F45FAF2B958C}.Debug|Mixed Platforms.Build.0 = Debug|x86
		{AE269158-DFA5-4DD7-8AFC-F45FAF2B958C}.Debug|Win32.ActiveCfg = Debug|x86
		{AE269158-DFA5-4DD7-8AFC-F45FAF2B958C}.Debug|x64.ActiveCfg = Debug|x86
		{AE269158-DFA5-4DD7-8AFC-F45FAF2B958C}.Debug|x64.Build.0 = Debug|x86
		{AE269158-DFA5-4DD7-8AFC-F45FAF2B958C}.Debug|x86.ActiveCfg = Debug|x86
		{AE269158-DFA5-4DD7-8AFC-F45FAF2B958C}.Debug|x86.Build.0 = Debug|x86
		{AE269158-DFA5-4DD7-8AFC-F45FAF2B958C}.Deploy|Any CPU.ActiveCfg = Debug|Any CPU
		{AE269158-DFA5-4DD7-8AFC-F45FAF2B958C}.Deploy|Any CPU.Build.0 = Debug|Any CPU
		{AE269158-DFA5-4DD7-8AFC-F45FAF2B958C}.Deploy|Mixed Platforms.ActiveCfg = Debug|Any CPU
		{AE269158-DFA5-4DD7-8AFC-F45FAF2B958C}.Deploy|Mixed Platforms.Build.0 = Debug|Any CPU
		{AE269158-DFA5-4DD7-8AFC-F45FAF2B958C}.Deploy|Win32.ActiveCfg = Debug|Any CPU
		{AE269158-DFA5-4DD7-8AFC-F45FAF2B958C}.Deploy|x64.ActiveCfg = Debug|Any CPU
		{AE269158-DFA5-4DD7-8AFC-F45FAF2B958C}.Deploy|x86.ActiveCfg = Debug|Any CPU
		{AE269158-DFA5-4DD7-8AFC-F45FAF2B958C}.Release|Any CPU.ActiveCfg = Release|x86
		{AE269158-DFA5-4DD7-8AFC-F45FAF2B958C}.Release|Any CPU.Build.0 = Release|x86
		{AE269158-DFA5-4DD7-8AFC-F45FAF2B958C}.Release|Mixed Platforms.ActiveCfg = Release|x86
		{AE269158-DFA5-4DD7-8AFC-F45FAF2B958C}.Release|Mixed Platforms.Build.0 = Release|x86
		{AE269158-DFA5-4DD7-8AFC-F45FAF2B958C}.Release|Win32.ActiveCfg = Release|Any CPU
		{AE269158-DFA5-4DD7-8AFC-F45FAF2B958C}.Release|x64.ActiveCfg = Release|x86
		{AE269158-DFA5-4DD7-8AFC-F45FAF2B958C}.Release|x86.ActiveCfg = Release|x86
		{3EFCB6F8-EF7E-4F60-A0DE-BB197240FCC9}.CodeAnalysisDebug|Any CPU.ActiveCfg = Debug|Any CPU
		{3EFCB6F8-EF7E-4F60-A0DE-BB197240FCC9}.CodeAnalysisDebug|Any CPU.Build.0 = Debug|Any CPU
		{3EFCB6F8-EF7E-4F60-A0DE-BB197240FCC9}.CodeAnalysisDebug|Mixed Platforms.ActiveCfg = Debug|Any CPU
		{3EFCB6F8-EF7E-4F60-A0DE-BB197240FCC9}.CodeAnalysisDebug|Mixed Platforms.Build.0 = Debug|Any CPU
		{3EFCB6F8-EF7E-4F60-A0DE-BB197240FCC9}.CodeAnalysisDebug|Win32.ActiveCfg = Debug|Any CPU
		{3EFCB6F8-EF7E-4F60-A0DE-BB197240FCC9}.CodeAnalysisDebug|x64.ActiveCfg = Debug|Any CPU
		{3EFCB6F8-EF7E-4F60-A0DE-BB197240FCC9}.CodeAnalysisDebug|x86.ActiveCfg = Debug|Any CPU
		{3EFCB6F8-EF7E-4F60-A0DE-BB197240FCC9}.Debug|Any CPU.ActiveCfg = Debug|Any CPU
		{3EFCB6F8-EF7E-4F60-A0DE-BB197240FCC9}.Debug|Any CPU.Build.0 = Debug|Any CPU
		{3EFCB6F8-EF7E-4F60-A0DE-BB197240FCC9}.Debug|Mixed Platforms.ActiveCfg = Debug|Any CPU
		{3EFCB6F8-EF7E-4F60-A0DE-BB197240FCC9}.Debug|Mixed Platforms.Build.0 = Debug|Any CPU
		{3EFCB6F8-EF7E-4F60-A0DE-BB197240FCC9}.Debug|Win32.ActiveCfg = Debug|Any CPU
		{3EFCB6F8-EF7E-4F60-A0DE-BB197240FCC9}.Debug|x64.ActiveCfg = Debug|Any CPU
		{3EFCB6F8-EF7E-4F60-A0DE-BB197240FCC9}.Debug|x86.ActiveCfg = Debug|Any CPU
		{3EFCB6F8-EF7E-4F60-A0DE-BB197240FCC9}.Deploy|Any CPU.ActiveCfg = Debug|Any CPU
		{3EFCB6F8-EF7E-4F60-A0DE-BB197240FCC9}.Deploy|Any CPU.Build.0 = Debug|Any CPU
		{3EFCB6F8-EF7E-4F60-A0DE-BB197240FCC9}.Deploy|Mixed Platforms.ActiveCfg = Debug|Any CPU
		{3EFCB6F8-EF7E-4F60-A0DE-BB197240FCC9}.Deploy|Mixed Platforms.Build.0 = Debug|Any CPU
		{3EFCB6F8-EF7E-4F60-A0DE-BB197240FCC9}.Deploy|Win32.ActiveCfg = Debug|Any CPU
		{3EFCB6F8-EF7E-4F60-A0DE-BB197240FCC9}.Deploy|x64.ActiveCfg = Debug|Any CPU
		{3EFCB6F8-EF7E-4F60-A0DE-BB197240FCC9}.Deploy|x86.ActiveCfg = Debug|Any CPU
		{3EFCB6F8-EF7E-4F60-A0DE-BB197240FCC9}.Release|Any CPU.ActiveCfg = Release|Any CPU
		{3EFCB6F8-EF7E-4F60-A0DE-BB197240FCC9}.Release|Any CPU.Build.0 = Release|Any CPU
		{3EFCB6F8-EF7E-4F60-A0DE-BB197240FCC9}.Release|Mixed Platforms.ActiveCfg = Release|Any CPU
		{3EFCB6F8-EF7E-4F60-A0DE-BB197240FCC9}.Release|Mixed Platforms.Build.0 = Release|Any CPU
		{3EFCB6F8-EF7E-4F60-A0DE-BB197240FCC9}.Release|Win32.ActiveCfg = Release|Any CPU
		{3EFCB6F8-EF7E-4F60-A0DE-BB197240FCC9}.Release|x64.ActiveCfg = Release|Any CPU
		{3EFCB6F8-EF7E-4F60-A0DE-BB197240FCC9}.Release|x86.ActiveCfg = Release|Any CPU
		{D9903E8A-5FC4-43C6-A48D-806742704DE8}.CodeAnalysisDebug|Any CPU.ActiveCfg = Debug|Any CPU
		{D9903E8A-5FC4-43C6-A48D-806742704DE8}.CodeAnalysisDebug|Any CPU.Build.0 = Debug|Any CPU
		{D9903E8A-5FC4-43C6-A48D-806742704DE8}.CodeAnalysisDebug|Mixed Platforms.ActiveCfg = Debug|Any CPU
		{D9903E8A-5FC4-43C6-A48D-806742704DE8}.CodeAnalysisDebug|Mixed Platforms.Build.0 = Debug|Any CPU
		{D9903E8A-5FC4-43C6-A48D-806742704DE8}.CodeAnalysisDebug|Win32.ActiveCfg = Debug|Any CPU
		{D9903E8A-5FC4-43C6-A48D-806742704DE8}.CodeAnalysisDebug|x64.ActiveCfg = Debug|Any CPU
		{D9903E8A-5FC4-43C6-A48D-806742704DE8}.CodeAnalysisDebug|x86.ActiveCfg = Debug|Any CPU
		{D9903E8A-5FC4-43C6-A48D-806742704DE8}.Debug|Any CPU.ActiveCfg = Debug|Any CPU
		{D9903E8A-5FC4-43C6-A48D-806742704DE8}.Debug|Any CPU.Build.0 = Debug|Any CPU
		{D9903E8A-5FC4-43C6-A48D-806742704DE8}.Debug|Mixed Platforms.ActiveCfg = Debug|Any CPU
		{D9903E8A-5FC4-43C6-A48D-806742704DE8}.Debug|Mixed Platforms.Build.0 = Debug|Any CPU
		{D9903E8A-5FC4-43C6-A48D-806742704DE8}.Debug|Win32.ActiveCfg = Debug|Any CPU
		{D9903E8A-5FC4-43C6-A48D-806742704DE8}.Debug|x64.ActiveCfg = Debug|Any CPU
		{D9903E8A-5FC4-43C6-A48D-806742704DE8}.Debug|x86.ActiveCfg = Debug|Any CPU
		{D9903E8A-5FC4-43C6-A48D-806742704DE8}.Deploy|Any CPU.ActiveCfg = Debug|Any CPU
		{D9903E8A-5FC4-43C6-A48D-806742704DE8}.Deploy|Any CPU.Build.0 = Debug|Any CPU
		{D9903E8A-5FC4-43C6-A48D-806742704DE8}.Deploy|Mixed Platforms.ActiveCfg = Debug|Any CPU
		{D9903E8A-5FC4-43C6-A48D-806742704DE8}.Deploy|Mixed Platforms.Build.0 = Debug|Any CPU
		{D9903E8A-5FC4-43C6-A48D-806742704DE8}.Deploy|Win32.ActiveCfg = Debug|Any CPU
		{D9903E8A-5FC4-43C6-A48D-806742704DE8}.Deploy|x64.ActiveCfg = Debug|Any CPU
		{D9903E8A-5FC4-43C6-A48D-806742704DE8}.Deploy|x86.ActiveCfg = Debug|Any CPU
		{D9903E8A-5FC4-43C6-A48D-806742704DE8}.Release|Any CPU.ActiveCfg = Release|Any CPU
		{D9903E8A-5FC4-43C6-A48D-806742704DE8}.Release|Any CPU.Build.0 = Release|Any CPU
		{D9903E8A-5FC4-43C6-A48D-806742704DE8}.Release|Mixed Platforms.ActiveCfg = Release|Any CPU
		{D9903E8A-5FC4-43C6-A48D-806742704DE8}.Release|Mixed Platforms.Build.0 = Release|Any CPU
		{D9903E8A-5FC4-43C6-A48D-806742704DE8}.Release|Win32.ActiveCfg = Release|Any CPU
		{D9903E8A-5FC4-43C6-A48D-806742704DE8}.Release|x64.ActiveCfg = Release|Any CPU
		{D9903E8A-5FC4-43C6-A48D-806742704DE8}.Release|x86.ActiveCfg = Release|Any CPU
	EndGlobalSection
	GlobalSection(SolutionProperties) = preSolution
		HideSolutionNode = FALSE
	EndGlobalSection
	GlobalSection(ExtensibilityGlobals) = postSolution
		VisualSVNWorkingCopyRoot = .
	EndGlobalSection
	GlobalSection(NDepend) = preSolution
		Project = ".\BFExplorer.ndproj"
	EndGlobalSection
EndGlobal
