
Microsoft Visual Studio Solution File, Format Version 12.00
# Visual Studio 2013
VisualStudioVersion = 12.0.30723.0
MinimumVisualStudioVersion = 10.0.40219.1
Project("{FAE04EC0-301F-11D3-BF4B-00C04F79EFBC}") = "BetterExplorer", "BExplorer\BetterExplorer\BetterExplorer.csproj", "{BBD6B64A-5617-4F6C-A5CE-5156365BF33E}"
	ProjectSection(ProjectDependencies) = postProject
		{D9903E8A-5FC4-43C6-A48D-806742704DE8} = {D9903E8A-5FC4-43C6-A48D-806742704DE8}
		{2AAB3F8C-A802-4986-A35D-3C6D0A6BA566} = {2AAB3F8C-A802-4986-A35D-3C6D0A6BA566}
		{CCB727C4-6B08-4FCE-BC23-A6D5D47BFB64} = {CCB727C4-6B08-4FCE-BC23-A6D5D47BFB64}
	EndProjectSection
EndProject
Project("{FAE04EC0-301F-11D3-BF4B-00C04F79EFBC}") = "SevenZip2010", "SevenZip\SevenZip2010.csproj", "{4960DD14-3431-47EC-B9D9-9D2730A98DC3}"
EndProject
Project("{FAE04EC0-301F-11D3-BF4B-00C04F79EFBC}") = "BetterExplorerOperations", "BetterExplorerOperations\BetterExplorerOperations.csproj", "{2AAB3F8C-A802-4986-A35D-3C6D0A6BA566}"
EndProject
Project("{FAE04EC0-301F-11D3-BF4B-00C04F79EFBC}") = "BetterExplorerShell", "BetterExplorerShell\BetterExplorerShell.csproj", "{CCB727C4-6B08-4FCE-BC23-A6D5D47BFB64}"
EndProject
Project("{FAE04EC0-301F-11D3-BF4B-00C04F79EFBC}") = "BetterExplorerControls", "WpfControlLibrary1\BetterExplorerControls.csproj", "{04270710-E358-46D4-83E5-EB7A9323CCE7}"
EndProject
Project("{FAE04EC0-301F-11D3-BF4B-00C04F79EFBC}") = "ConsoleControl", "ConsoleControl\ConsoleControl.csproj", "{737CC7F2-EC7C-4800-B7EB-72637E892C42}"
EndProject
Project("{FAE04EC0-301F-11D3-BF4B-00C04F79EFBC}") = "NotifyIconWpf", "NotifyIcon\NotifyIconWpf\NotifyIconWpf.csproj", "{7AC63864-7638-41C4-969C-D3197EF2BED9}"
EndProject
Project("{FAE04EC0-301F-11D3-BF4B-00C04F79EFBC}") = "RateBar", "Progress\RateBar.csproj", "{BFBD2F46-ED5F-49A3-ABAD-9BA571EF073E}"
EndProject
Project("{FAE04EC0-301F-11D3-BF4B-00C04F79EFBC}") = "UsbEject", "UsbEject\UsbEject.csproj", "{AE269158-DFA5-4DD7-8AFC-F45FAF2B958C}"
EndProject
Project("{F184B08F-C81C-45F6-A57F-5ABD9991F28F}") = "ImDiskNet", "ImDiskNet\ImDiskNet.vbproj", "{3EFCB6F8-EF7E-4F60-A0DE-BB197240FCC9}"
EndProject
Project("{FAE04EC0-301F-11D3-BF4B-00C04F79EFBC}") = "Fluent dotNET 4.5", "fluent_528456d5eb19\Fluent\Fluent\Fluent dotNET 4.5.csproj", "{D9903E8A-5FC4-43C6-A48D-806742704DE8}"
EndProject
Project("{FAE04EC0-301F-11D3-BF4B-00C04F79EFBC}") = "WpfDocumentPreviewer", "WpfDocumentPreviewer\WpfDocumentPreviewer.csproj", "{6A63405A-B6BB-4095-B48C-E720DE021482}"
EndProject
Project("{FAE04EC0-301F-11D3-BF4B-00C04F79EFBC}") = "UnbufferedIO", "UnbufferedFO\GS.Common.IO\UnbufferedIO.csproj", "{EC0D64F9-9F48-4C35-A3B6-E1D8256B76D9}"
EndProject
Project("{FAE04EC0-301F-11D3-BF4B-00C04F79EFBC}") = "GMailDrivePlugin", "GMailDrivePlugin\GMailDrivePlugin.csproj", "{CDC51A7E-5CEA-4478-AE3E-92E7C54AD4AA}"
EndProject
Project("{FAE04EC0-301F-11D3-BF4B-00C04F79EFBC}") = "BEHelper", "BEHelper\BEHelper.csproj", "{6942FB86-F12F-43AE-8E6D-D4186CE7CB81}"
EndProject
Project("{FAE04EC0-301F-11D3-BF4B-00C04F79EFBC}") = "Wpf.TabControl", "TabControl\Wpf.TabControl.csproj", "{509D06BD-AEB6-4E92-8E5B-21188EBDBD9C}"
EndProject
Project("{FAE04EC0-301F-11D3-BF4B-00C04F79EFBC}") = "BetterExplorerLib", "BetterExplorerLib\BetterExplorerLib.csproj", "{4E10209E-837F-4116-B873-102F44CDB42E}"
EndProject
Project("{2150E333-8FDC-42A3-9474-1A3956D46DE8}") = "Solution Items", "Solution Items", "{4FA511FB-3973-4DBB-AB5D-DBFCEBD743E4}"
	ProjectSection(SolutionItems) = preProject
		BetterExplorer1.psess = BetterExplorer1.psess
	EndProjectSection
EndProject
Project("{FAE04EC0-301F-11D3-BF4B-00C04F79EFBC}") = "Shell", "Shell\Shell.csproj", "{711CCF1F-6B8F-4E97-8D84-0EE679C83B41}"
EndProject
Project("{FAE04EC0-301F-11D3-BF4B-00C04F79EFBC}") = "Odyssey.Controls", "BreadcrumbBar\Odyssey.Controls.csproj", "{333FDC55-6B47-4A64-A2DF-A4C5823FAC74}"
EndProject
Global
	GlobalSection(SolutionConfigurationPlatforms) = preSolution
		CodeAnalysisDebug|Any CPU = CodeAnalysisDebug|Any CPU
		CodeAnalysisDebug|Mixed Platforms = CodeAnalysisDebug|Mixed Platforms
		CodeAnalysisDebug|Win32 = CodeAnalysisDebug|Win32
		CodeAnalysisDebug|x64 = CodeAnalysisDebug|x64
		CodeAnalysisDebug|x86 = CodeAnalysisDebug|x86
		Debug|Any CPU = Debug|Any CPU
		Debug|Mixed Platforms = Debug|Mixed Platforms
		Debug|Win32 = Debug|Win32
		Debug|x64 = Debug|x64
		Debug|x86 = Debug|x86
		Deploy|Any CPU = Deploy|Any CPU
		Deploy|Mixed Platforms = Deploy|Mixed Platforms
		Deploy|Win32 = Deploy|Win32
		Deploy|x64 = Deploy|x64
		Deploy|x86 = Deploy|x86
		Release|Any CPU = Release|Any CPU
		Release|Mixed Platforms = Release|Mixed Platforms
		Release|Win32 = Release|Win32
		Release|x64 = Release|x64
		Release|x86 = Release|x86
	EndGlobalSection
	GlobalSection(ProjectConfigurationPlatforms) = postSolution
		{BBD6B64A-5617-4F6C-A5CE-5156365BF33E}.CodeAnalysisDebug|Any CPU.ActiveCfg = Debug|x86
		{BBD6B64A-5617-4F6C-A5CE-5156365BF33E}.CodeAnalysisDebug|Mixed Platforms.ActiveCfg = Debug|x86
		{BBD6B64A-5617-4F6C-A5CE-5156365BF33E}.CodeAnalysisDebug|Mixed Platforms.Build.0 = Debug|x86
		{BBD6B64A-5617-4F6C-A5CE-5156365BF33E}.CodeAnalysisDebug|Win32.ActiveCfg = Debug|x86
		{BBD6B64A-5617-4F6C-A5CE-5156365BF33E}.CodeAnalysisDebug|Win32.Build.0 = Debug|x86
		{BBD6B64A-5617-4F6C-A5CE-5156365BF33E}.CodeAnalysisDebug|x64.ActiveCfg = Debug|x86
		{BBD6B64A-5617-4F6C-A5CE-5156365BF33E}.CodeAnalysisDebug|x86.ActiveCfg = Debug|x86
		{BBD6B64A-5617-4F6C-A5CE-5156365BF33E}.CodeAnalysisDebug|x86.Build.0 = Debug|x86
		{BBD6B64A-5617-4F6C-A5CE-5156365BF33E}.Debug|Any CPU.ActiveCfg = Debug|Any CPU
		{BBD6B64A-5617-4F6C-A5CE-5156365BF33E}.Debug|Any CPU.Build.0 = Debug|Any CPU
		{BBD6B64A-5617-4F6C-A5CE-5156365BF33E}.Debug|Any CPU.Deploy.0 = Debug|Any CPU
		{BBD6B64A-5617-4F6C-A5CE-5156365BF33E}.Debug|Mixed Platforms.ActiveCfg = Debug|x86
		{BBD6B64A-5617-4F6C-A5CE-5156365BF33E}.Debug|Mixed Platforms.Build.0 = Debug|x86
		{BBD6B64A-5617-4F6C-A5CE-5156365BF33E}.Debug|Win32.ActiveCfg = Debug|x86
		{BBD6B64A-5617-4F6C-A5CE-5156365BF33E}.Debug|Win32.Build.0 = Debug|x86
		{BBD6B64A-5617-4F6C-A5CE-5156365BF33E}.Debug|x64.ActiveCfg = Debug|x64
		{BBD6B64A-5617-4F6C-A5CE-5156365BF33E}.Debug|x64.Build.0 = Debug|x64
		{BBD6B64A-5617-4F6C-A5CE-5156365BF33E}.Debug|x86.ActiveCfg = Debug|x86
		{BBD6B64A-5617-4F6C-A5CE-5156365BF33E}.Debug|x86.Build.0 = Debug|x86
		{BBD6B64A-5617-4F6C-A5CE-5156365BF33E}.Deploy|Any CPU.ActiveCfg = Debug|x86
		{BBD6B64A-5617-4F6C-A5CE-5156365BF33E}.Deploy|Mixed Platforms.ActiveCfg = Debug|x86
		{BBD6B64A-5617-4F6C-A5CE-5156365BF33E}.Deploy|Mixed Platforms.Build.0 = Debug|x86
		{BBD6B64A-5617-4F6C-A5CE-5156365BF33E}.Deploy|Win32.ActiveCfg = Debug|x86
		{BBD6B64A-5617-4F6C-A5CE-5156365BF33E}.Deploy|Win32.Build.0 = Debug|x86
		{BBD6B64A-5617-4F6C-A5CE-5156365BF33E}.Deploy|x64.ActiveCfg = Debug|x86
		{BBD6B64A-5617-4F6C-A5CE-5156365BF33E}.Deploy|x86.ActiveCfg = Debug|x86
		{BBD6B64A-5617-4F6C-A5CE-5156365BF33E}.Deploy|x86.Build.0 = Debug|x86
		{BBD6B64A-5617-4F6C-A5CE-5156365BF33E}.Release|Any CPU.ActiveCfg = Release|x86
		{BBD6B64A-5617-4F6C-A5CE-5156365BF33E}.Release|Mixed Platforms.ActiveCfg = Release|x86
		{BBD6B64A-5617-4F6C-A5CE-5156365BF33E}.Release|Mixed Platforms.Build.0 = Release|x86
		{BBD6B64A-5617-4F6C-A5CE-5156365BF33E}.Release|Win32.ActiveCfg = Release|x86
		{BBD6B64A-5617-4F6C-A5CE-5156365BF33E}.Release|Win32.Build.0 = Release|x86
		{BBD6B64A-5617-4F6C-A5CE-5156365BF33E}.Release|x64.ActiveCfg = Release|x86
		{BBD6B64A-5617-4F6C-A5CE-5156365BF33E}.Release|x86.ActiveCfg = Release|x86
		{BBD6B64A-5617-4F6C-A5CE-5156365BF33E}.Release|x86.Build.0 = Release|x86
		{4960DD14-3431-47EC-B9D9-9D2730A98DC3}.CodeAnalysisDebug|Any CPU.ActiveCfg = Debug|Any CPU
		{4960DD14-3431-47EC-B9D9-9D2730A98DC3}.CodeAnalysisDebug|Any CPU.Build.0 = Debug|Any CPU
		{4960DD14-3431-47EC-B9D9-9D2730A98DC3}.CodeAnalysisDebug|Mixed Platforms.ActiveCfg = Debug|Any CPU
		{4960DD14-3431-47EC-B9D9-9D2730A98DC3}.CodeAnalysisDebug|Mixed Platforms.Build.0 = Debug|Any CPU
		{4960DD14-3431-47EC-B9D9-9D2730A98DC3}.CodeAnalysisDebug|Win32.ActiveCfg = Debug|Any CPU
		{4960DD14-3431-47EC-B9D9-9D2730A98DC3}.CodeAnalysisDebug|x64.ActiveCfg = Debug|Any CPU
		{4960DD14-3431-47EC-B9D9-9D2730A98DC3}.CodeAnalysisDebug|x86.ActiveCfg = Debug|Any CPU
		{4960DD14-3431-47EC-B9D9-9D2730A98DC3}.Debug|Any CPU.ActiveCfg = Debug|Any CPU
		{4960DD14-3431-47EC-B9D9-9D2730A98DC3}.Debug|Any CPU.Build.0 = Debug|Any CPU
		{4960DD14-3431-47EC-B9D9-9D2730A98DC3}.Debug|Mixed Platforms.ActiveCfg = Debug|Any CPU
		{4960DD14-3431-47EC-B9D9-9D2730A98DC3}.Debug|Mixed Platforms.Build.0 = Debug|Any CPU
		{4960DD14-3431-47EC-B9D9-9D2730A98DC3}.Debug|Win32.ActiveCfg = Debug|Any CPU
		{4960DD14-3431-47EC-B9D9-9D2730A98DC3}.Debug|x64.ActiveCfg = Debug|x64
		{4960DD14-3431-47EC-B9D9-9D2730A98DC3}.Debug|x64.Build.0 = Debug|x64
		{4960DD14-3431-47EC-B9D9-9D2730A98DC3}.Debug|x86.ActiveCfg = Debug|x86
		{4960DD14-3431-47EC-B9D9-9D2730A98DC3}.Debug|x86.Build.0 = Debug|x86
		{4960DD14-3431-47EC-B9D9-9D2730A98DC3}.Deploy|Any CPU.ActiveCfg = Deploy|Any CPU
		{4960DD14-3431-47EC-B9D9-9D2730A98DC3}.Deploy|Any CPU.Build.0 = Deploy|Any CPU
		{4960DD14-3431-47EC-B9D9-9D2730A98DC3}.Deploy|Mixed Platforms.ActiveCfg = Deploy|Any CPU
		{4960DD14-3431-47EC-B9D9-9D2730A98DC3}.Deploy|Mixed Platforms.Build.0 = Deploy|Any CPU
		{4960DD14-3431-47EC-B9D9-9D2730A98DC3}.Deploy|Win32.ActiveCfg = Deploy|Any CPU
		{4960DD14-3431-47EC-B9D9-9D2730A98DC3}.Deploy|x64.ActiveCfg = Deploy|Any CPU
		{4960DD14-3431-47EC-B9D9-9D2730A98DC3}.Deploy|x86.ActiveCfg = Deploy|Any CPU
		{4960DD14-3431-47EC-B9D9-9D2730A98DC3}.Release|Any CPU.ActiveCfg = Release|Any CPU
		{4960DD14-3431-47EC-B9D9-9D2730A98DC3}.Release|Any CPU.Build.0 = Release|Any CPU
		{4960DD14-3431-47EC-B9D9-9D2730A98DC3}.Release|Mixed Platforms.ActiveCfg = Release|Any CPU
		{4960DD14-3431-47EC-B9D9-9D2730A98DC3}.Release|Mixed Platforms.Build.0 = Release|Any CPU
		{4960DD14-3431-47EC-B9D9-9D2730A98DC3}.Release|Win32.ActiveCfg = Release|Any CPU
		{4960DD14-3431-47EC-B9D9-9D2730A98DC3}.Release|x64.ActiveCfg = Release|Any CPU
		{4960DD14-3431-47EC-B9D9-9D2730A98DC3}.Release|x86.ActiveCfg = Release|Any CPU
		{2AAB3F8C-A802-4986-A35D-3C6D0A6BA566}.CodeAnalysisDebug|Any CPU.ActiveCfg = Debug|x86
		{2AAB3F8C-A802-4986-A35D-3C6D0A6BA566}.CodeAnalysisDebug|Mixed Platforms.ActiveCfg = Debug|x86
		{2AAB3F8C-A802-4986-A35D-3C6D0A6BA566}.CodeAnalysisDebug|Mixed Platforms.Build.0 = Debug|x86
		{2AAB3F8C-A802-4986-A35D-3C6D0A6BA566}.CodeAnalysisDebug|Win32.ActiveCfg = Debug|x86
		{2AAB3F8C-A802-4986-A35D-3C6D0A6BA566}.CodeAnalysisDebug|Win32.Build.0 = Debug|x86
		{2AAB3F8C-A802-4986-A35D-3C6D0A6BA566}.CodeAnalysisDebug|x64.ActiveCfg = Debug|x86
		{2AAB3F8C-A802-4986-A35D-3C6D0A6BA566}.CodeAnalysisDebug|x86.ActiveCfg = Debug|x86
		{2AAB3F8C-A802-4986-A35D-3C6D0A6BA566}.CodeAnalysisDebug|x86.Build.0 = Debug|x86
		{2AAB3F8C-A802-4986-A35D-3C6D0A6BA566}.Debug|Any CPU.ActiveCfg = Debug|Any CPU
		{2AAB3F8C-A802-4986-A35D-3C6D0A6BA566}.Debug|Any CPU.Build.0 = Debug|Any CPU
		{2AAB3F8C-A802-4986-A35D-3C6D0A6BA566}.Debug|Mixed Platforms.ActiveCfg = Debug|x86
		{2AAB3F8C-A802-4986-A35D-3C6D0A6BA566}.Debug|Mixed Platforms.Build.0 = Debug|x86
		{2AAB3F8C-A802-4986-A35D-3C6D0A6BA566}.Debug|Win32.ActiveCfg = Debug|x86
		{2AAB3F8C-A802-4986-A35D-3C6D0A6BA566}.Debug|Win32.Build.0 = Debug|x86
		{2AAB3F8C-A802-4986-A35D-3C6D0A6BA566}.Debug|x64.ActiveCfg = Debug|x64
		{2AAB3F8C-A802-4986-A35D-3C6D0A6BA566}.Debug|x64.Build.0 = Debug|x64
		{2AAB3F8C-A802-4986-A35D-3C6D0A6BA566}.Debug|x86.ActiveCfg = Debug|x86
		{2AAB3F8C-A802-4986-A35D-3C6D0A6BA566}.Debug|x86.Build.0 = Debug|x86
		{2AAB3F8C-A802-4986-A35D-3C6D0A6BA566}.Deploy|Any CPU.ActiveCfg = Debug|x86
		{2AAB3F8C-A802-4986-A35D-3C6D0A6BA566}.Deploy|Mixed Platforms.ActiveCfg = Debug|x86
		{2AAB3F8C-A802-4986-A35D-3C6D0A6BA566}.Deploy|Mixed Platforms.Build.0 = Debug|x86
		{2AAB3F8C-A802-4986-A35D-3C6D0A6BA566}.Deploy|Win32.ActiveCfg = Debug|x86
		{2AAB3F8C-A802-4986-A35D-3C6D0A6BA566}.Deploy|Win32.Build.0 = Debug|x86
		{2AAB3F8C-A802-4986-A35D-3C6D0A6BA566}.Deploy|x64.ActiveCfg = Debug|x86
		{2AAB3F8C-A802-4986-A35D-3C6D0A6BA566}.Deploy|x86.ActiveCfg = Debug|x86
		{2AAB3F8C-A802-4986-A35D-3C6D0A6BA566}.Deploy|x86.Build.0 = Debug|x86
		{2AAB3F8C-A802-4986-A35D-3C6D0A6BA566}.Release|Any CPU.ActiveCfg = Release|x86
		{2AAB3F8C-A802-4986-A35D-3C6D0A6BA566}.Release|Mixed Platforms.ActiveCfg = Release|x86
		{2AAB3F8C-A802-4986-A35D-3C6D0A6BA566}.Release|Mixed Platforms.Build.0 = Release|x86
		{2AAB3F8C-A802-4986-A35D-3C6D0A6BA566}.Release|Win32.ActiveCfg = Release|x86
		{2AAB3F8C-A802-4986-A35D-3C6D0A6BA566}.Release|Win32.Build.0 = Release|x86
		{2AAB3F8C-A802-4986-A35D-3C6D0A6BA566}.Release|x64.ActiveCfg = Release|x86
		{2AAB3F8C-A802-4986-A35D-3C6D0A6BA566}.Release|x86.ActiveCfg = Release|x86
		{2AAB3F8C-A802-4986-A35D-3C6D0A6BA566}.Release|x86.Build.0 = Release|x86
		{CCB727C4-6B08-4FCE-BC23-A6D5D47BFB64}.CodeAnalysisDebug|Any CPU.ActiveCfg = Debug|x86
		{CCB727C4-6B08-4FCE-BC23-A6D5D47BFB64}.CodeAnalysisDebug|Mixed Platforms.ActiveCfg = Debug|x86
		{CCB727C4-6B08-4FCE-BC23-A6D5D47BFB64}.CodeAnalysisDebug|Mixed Platforms.Build.0 = Debug|x86
		{CCB727C4-6B08-4FCE-BC23-A6D5D47BFB64}.CodeAnalysisDebug|Win32.ActiveCfg = Debug|x86
		{CCB727C4-6B08-4FCE-BC23-A6D5D47BFB64}.CodeAnalysisDebug|Win32.Build.0 = Debug|x86
		{CCB727C4-6B08-4FCE-BC23-A6D5D47BFB64}.CodeAnalysisDebug|x64.ActiveCfg = Debug|x86
		{CCB727C4-6B08-4FCE-BC23-A6D5D47BFB64}.CodeAnalysisDebug|x86.ActiveCfg = Debug|x86
		{CCB727C4-6B08-4FCE-BC23-A6D5D47BFB64}.CodeAnalysisDebug|x86.Build.0 = Debug|x86
		{CCB727C4-6B08-4FCE-BC23-A6D5D47BFB64}.Debug|Any CPU.ActiveCfg = Debug|Any CPU
		{CCB727C4-6B08-4FCE-BC23-A6D5D47BFB64}.Debug|Any CPU.Build.0 = Debug|Any CPU
		{CCB727C4-6B08-4FCE-BC23-A6D5D47BFB64}.Debug|Mixed Platforms.ActiveCfg = Debug|x86
		{CCB727C4-6B08-4FCE-BC23-A6D5D47BFB64}.Debug|Mixed Platforms.Build.0 = Debug|x86
		{CCB727C4-6B08-4FCE-BC23-A6D5D47BFB64}.Debug|Win32.ActiveCfg = Debug|x86
		{CCB727C4-6B08-4FCE-BC23-A6D5D47BFB64}.Debug|Win32.Build.0 = Debug|x86
		{CCB727C4-6B08-4FCE-BC23-A6D5D47BFB64}.Debug|x64.ActiveCfg = Debug|x64
		{CCB727C4-6B08-4FCE-BC23-A6D5D47BFB64}.Debug|x64.Build.0 = Debug|x64
		{CCB727C4-6B08-4FCE-BC23-A6D5D47BFB64}.Debug|x86.ActiveCfg = Debug|x86
		{CCB727C4-6B08-4FCE-BC23-A6D5D47BFB64}.Debug|x86.Build.0 = Debug|x86
		{CCB727C4-6B08-4FCE-BC23-A6D5D47BFB64}.Deploy|Any CPU.ActiveCfg = Debug|x86
		{CCB727C4-6B08-4FCE-BC23-A6D5D47BFB64}.Deploy|Mixed Platforms.ActiveCfg = Debug|x86
		{CCB727C4-6B08-4FCE-BC23-A6D5D47BFB64}.Deploy|Mixed Platforms.Build.0 = Debug|x86
		{CCB727C4-6B08-4FCE-BC23-A6D5D47BFB64}.Deploy|Win32.ActiveCfg = Debug|x86
		{CCB727C4-6B08-4FCE-BC23-A6D5D47BFB64}.Deploy|Win32.Build.0 = Debug|x86
		{CCB727C4-6B08-4FCE-BC23-A6D5D47BFB64}.Deploy|x64.ActiveCfg = Debug|x86
		{CCB727C4-6B08-4FCE-BC23-A6D5D47BFB64}.Deploy|x86.ActiveCfg = Debug|x86
		{CCB727C4-6B08-4FCE-BC23-A6D5D47BFB64}.Deploy|x86.Build.0 = Debug|x86
		{CCB727C4-6B08-4FCE-BC23-A6D5D47BFB64}.Release|Any CPU.ActiveCfg = Release|x86
		{CCB727C4-6B08-4FCE-BC23-A6D5D47BFB64}.Release|Mixed Platforms.ActiveCfg = Release|x86
		{CCB727C4-6B08-4FCE-BC23-A6D5D47BFB64}.Release|Mixed Platforms.Build.0 = Release|x86
		{CCB727C4-6B08-4FCE-BC23-A6D5D47BFB64}.Release|Win32.ActiveCfg = Release|x86
		{CCB727C4-6B08-4FCE-BC23-A6D5D47BFB64}.Release|Win32.Build.0 = Release|x86
		{CCB727C4-6B08-4FCE-BC23-A6D5D47BFB64}.Release|x64.ActiveCfg = Release|x86
		{CCB727C4-6B08-4FCE-BC23-A6D5D47BFB64}.Release|x86.ActiveCfg = Release|x86
		{CCB727C4-6B08-4FCE-BC23-A6D5D47BFB64}.Release|x86.Build.0 = Release|x86
		{04270710-E358-46D4-83E5-EB7A9323CCE7}.CodeAnalysisDebug|Any CPU.ActiveCfg = Debug|Any CPU
		{04270710-E358-46D4-83E5-EB7A9323CCE7}.CodeAnalysisDebug|Any CPU.Build.0 = Debug|Any CPU
		{04270710-E358-46D4-83E5-EB7A9323CCE7}.CodeAnalysisDebug|Mixed Platforms.ActiveCfg = Debug|Any CPU
		{04270710-E358-46D4-83E5-EB7A9323CCE7}.CodeAnalysisDebug|Mixed Platforms.Build.0 = Debug|Any CPU
		{04270710-E358-46D4-83E5-EB7A9323CCE7}.CodeAnalysisDebug|Win32.ActiveCfg = Debug|Any CPU
		{04270710-E358-46D4-83E5-EB7A9323CCE7}.CodeAnalysisDebug|x64.ActiveCfg = Debug|Any CPU
		{04270710-E358-46D4-83E5-EB7A9323CCE7}.CodeAnalysisDebug|x86.ActiveCfg = Debug|Any CPU
		{04270710-E358-46D4-83E5-EB7A9323CCE7}.Debug|Any CPU.ActiveCfg = Debug|Any CPU
		{04270710-E358-46D4-83E5-EB7A9323CCE7}.Debug|Any CPU.Build.0 = Debug|Any CPU
		{04270710-E358-46D4-83E5-EB7A9323CCE7}.Debug|Mixed Platforms.ActiveCfg = Debug|Any CPU
		{04270710-E358-46D4-83E5-EB7A9323CCE7}.Debug|Mixed Platforms.Build.0 = Debug|Any CPU
		{04270710-E358-46D4-83E5-EB7A9323CCE7}.Debug|Win32.ActiveCfg = Debug|Any CPU
		{04270710-E358-46D4-83E5-EB7A9323CCE7}.Debug|x64.ActiveCfg = Debug|x64
		{04270710-E358-46D4-83E5-EB7A9323CCE7}.Debug|x64.Build.0 = Debug|x64
		{04270710-E358-46D4-83E5-EB7A9323CCE7}.Debug|x86.ActiveCfg = Debug|x86
		{04270710-E358-46D4-83E5-EB7A9323CCE7}.Debug|x86.Build.0 = Debug|x86
		{04270710-E358-46D4-83E5-EB7A9323CCE7}.Deploy|Any CPU.ActiveCfg = Debug|Any CPU
		{04270710-E358-46D4-83E5-EB7A9323CCE7}.Deploy|Any CPU.Build.0 = Debug|Any CPU
		{04270710-E358-46D4-83E5-EB7A9323CCE7}.Deploy|Mixed Platforms.ActiveCfg = Debug|Any CPU
		{04270710-E358-46D4-83E5-EB7A9323CCE7}.Deploy|Mixed Platforms.Build.0 = Debug|Any CPU
		{04270710-E358-46D4-83E5-EB7A9323CCE7}.Deploy|Win32.ActiveCfg = Debug|Any CPU
		{04270710-E358-46D4-83E5-EB7A9323CCE7}.Deploy|x64.ActiveCfg = Debug|Any CPU
		{04270710-E358-46D4-83E5-EB7A9323CCE7}.Deploy|x86.ActiveCfg = Debug|Any CPU
		{04270710-E358-46D4-83E5-EB7A9323CCE7}.Release|Any CPU.ActiveCfg = Release|Any CPU
		{04270710-E358-46D4-83E5-EB7A9323CCE7}.Release|Any CPU.Build.0 = Release|Any CPU
		{04270710-E358-46D4-83E5-EB7A9323CCE7}.Release|Mixed Platforms.ActiveCfg = Release|Any CPU
		{04270710-E358-46D4-83E5-EB7A9323CCE7}.Release|Mixed Platforms.Build.0 = Release|Any CPU
		{04270710-E358-46D4-83E5-EB7A9323CCE7}.Release|Win32.ActiveCfg = Release|Any CPU
		{04270710-E358-46D4-83E5-EB7A9323CCE7}.Release|x64.ActiveCfg = Release|Any CPU
		{04270710-E358-46D4-83E5-EB7A9323CCE7}.Release|x86.ActiveCfg = Release|Any CPU
		{737CC7F2-EC7C-4800-B7EB-72637E892C42}.CodeAnalysisDebug|Any CPU.ActiveCfg = Debug|Any CPU
		{737CC7F2-EC7C-4800-B7EB-72637E892C42}.CodeAnalysisDebug|Any CPU.Build.0 = Debug|Any CPU
		{737CC7F2-EC7C-4800-B7EB-72637E892C42}.CodeAnalysisDebug|Mixed Platforms.ActiveCfg = Debug|Any CPU
		{737CC7F2-EC7C-4800-B7EB-72637E892C42}.CodeAnalysisDebug|Mixed Platforms.Build.0 = Debug|Any CPU
		{737CC7F2-EC7C-4800-B7EB-72637E892C42}.CodeAnalysisDebug|Win32.ActiveCfg = Debug|Any CPU
		{737CC7F2-EC7C-4800-B7EB-72637E892C42}.CodeAnalysisDebug|x64.ActiveCfg = Debug|Any CPU
		{737CC7F2-EC7C-4800-B7EB-72637E892C42}.CodeAnalysisDebug|x86.ActiveCfg = Debug|Any CPU
		{737CC7F2-EC7C-4800-B7EB-72637E892C42}.Debug|Any CPU.ActiveCfg = Debug|Any CPU
		{737CC7F2-EC7C-4800-B7EB-72637E892C42}.Debug|Any CPU.Build.0 = Debug|Any CPU
		{737CC7F2-EC7C-4800-B7EB-72637E892C42}.Debug|Mixed Platforms.ActiveCfg = Debug|Any CPU
		{737CC7F2-EC7C-4800-B7EB-72637E892C42}.Debug|Mixed Platforms.Build.0 = Debug|Any CPU
		{737CC7F2-EC7C-4800-B7EB-72637E892C42}.Debug|Win32.ActiveCfg = Debug|Any CPU
		{737CC7F2-EC7C-4800-B7EB-72637E892C42}.Debug|x64.ActiveCfg = Debug|Any CPU
		{737CC7F2-EC7C-4800-B7EB-72637E892C42}.Debug|x86.ActiveCfg = Debug|Any CPU
		{737CC7F2-EC7C-4800-B7EB-72637E892C42}.Debug|x86.Build.0 = Debug|Any CPU
		{737CC7F2-EC7C-4800-B7EB-72637E892C42}.Deploy|Any CPU.ActiveCfg = Debug|Any CPU
		{737CC7F2-EC7C-4800-B7EB-72637E892C42}.Deploy|Any CPU.Build.0 = Debug|Any CPU
		{737CC7F2-EC7C-4800-B7EB-72637E892C42}.Deploy|Mixed Platforms.ActiveCfg = Debug|Any CPU
		{737CC7F2-EC7C-4800-B7EB-72637E892C42}.Deploy|Mixed Platforms.Build.0 = Debug|Any CPU
		{737CC7F2-EC7C-4800-B7EB-72637E892C42}.Deploy|Win32.ActiveCfg = Debug|Any CPU
		{737CC7F2-EC7C-4800-B7EB-72637E892C42}.Deploy|x64.ActiveCfg = Debug|Any CPU
		{737CC7F2-EC7C-4800-B7EB-72637E892C42}.Deploy|x86.ActiveCfg = Debug|Any CPU
		{737CC7F2-EC7C-4800-B7EB-72637E892C42}.Release|Any CPU.ActiveCfg = Release|Any CPU
		{737CC7F2-EC7C-4800-B7EB-72637E892C42}.Release|Any CPU.Build.0 = Release|Any CPU
		{737CC7F2-EC7C-4800-B7EB-72637E892C42}.Release|Mixed Platforms.ActiveCfg = Release|Any CPU
		{737CC7F2-EC7C-4800-B7EB-72637E892C42}.Release|Mixed Platforms.Build.0 = Release|Any CPU
		{737CC7F2-EC7C-4800-B7EB-72637E892C42}.Release|Win32.ActiveCfg = Release|Any CPU
		{737CC7F2-EC7C-4800-B7EB-72637E892C42}.Release|x64.ActiveCfg = Release|Any CPU
		{737CC7F2-EC7C-4800-B7EB-72637E892C42}.Release|x86.ActiveCfg = Release|Any CPU
		{7AC63864-7638-41C4-969C-D3197EF2BED9}.CodeAnalysisDebug|Any CPU.ActiveCfg = Debug|Any CPU
		{7AC63864-7638-41C4-969C-D3197EF2BED9}.CodeAnalysisDebug|Any CPU.Build.0 = Debug|Any CPU
		{7AC63864-7638-41C4-969C-D3197EF2BED9}.CodeAnalysisDebug|Mixed Platforms.ActiveCfg = Debug|Any CPU
		{7AC63864-7638-41C4-969C-D3197EF2BED9}.CodeAnalysisDebug|Mixed Platforms.Build.0 = Debug|Any CPU
		{7AC63864-7638-41C4-969C-D3197EF2BED9}.CodeAnalysisDebug|Win32.ActiveCfg = Debug|Any CPU
		{7AC63864-7638-41C4-969C-D3197EF2BED9}.CodeAnalysisDebug|x64.ActiveCfg = Debug|Any CPU
		{7AC63864-7638-41C4-969C-D3197EF2BED9}.CodeAnalysisDebug|x86.ActiveCfg = Debug|Any CPU
		{7AC63864-7638-41C4-969C-D3197EF2BED9}.Debug|Any CPU.ActiveCfg = Debug|Any CPU
		{7AC63864-7638-41C4-969C-D3197EF2BED9}.Debug|Any CPU.Build.0 = Debug|Any CPU
		{7AC63864-7638-41C4-969C-D3197EF2BED9}.Debug|Mixed Platforms.ActiveCfg = Debug|Any CPU
		{7AC63864-7638-41C4-969C-D3197EF2BED9}.Debug|Mixed Platforms.Build.0 = Debug|Any CPU
		{7AC63864-7638-41C4-969C-D3197EF2BED9}.Debug|Win32.ActiveCfg = Debug|Any CPU
		{7AC63864-7638-41C4-969C-D3197EF2BED9}.Debug|x64.ActiveCfg = Debug|Any CPU
		{7AC63864-7638-41C4-969C-D3197EF2BED9}.Debug|x86.ActiveCfg = Debug|Any CPU
		{7AC63864-7638-41C4-969C-D3197EF2BED9}.Deploy|Any CPU.ActiveCfg = Debug|Any CPU
		{7AC63864-7638-41C4-969C-D3197EF2BED9}.Deploy|Any CPU.Build.0 = Debug|Any CPU
		{7AC63864-7638-41C4-969C-D3197EF2BED9}.Deploy|Mixed Platforms.ActiveCfg = Debug|Any CPU
		{7AC63864-7638-41C4-969C-D3197EF2BED9}.Deploy|Mixed Platforms.Build.0 = Debug|Any CPU
		{7AC63864-7638-41C4-969C-D3197EF2BED9}.Deploy|Win32.ActiveCfg = Debug|Any CPU
		{7AC63864-7638-41C4-969C-D3197EF2BED9}.Deploy|x64.ActiveCfg = Debug|Any CPU
		{7AC63864-7638-41C4-969C-D3197EF2BED9}.Deploy|x86.ActiveCfg = Debug|Any CPU
		{7AC63864-7638-41C4-969C-D3197EF2BED9}.Release|Any CPU.ActiveCfg = Release|Any CPU
		{7AC63864-7638-41C4-969C-D3197EF2BED9}.Release|Any CPU.Build.0 = Release|Any CPU
		{7AC63864-7638-41C4-969C-D3197EF2BED9}.Release|Mixed Platforms.ActiveCfg = Release|Any CPU
		{7AC63864-7638-41C4-969C-D3197EF2BED9}.Release|Mixed Platforms.Build.0 = Release|Any CPU
		{7AC63864-7638-41C4-969C-D3197EF2BED9}.Release|Win32.ActiveCfg = Release|Any CPU
		{7AC63864-7638-41C4-969C-D3197EF2BED9}.Release|x64.ActiveCfg = Release|Any CPU
		{7AC63864-7638-41C4-969C-D3197EF2BED9}.Release|x86.ActiveCfg = Release|Any CPU
		{BFBD2F46-ED5F-49A3-ABAD-9BA571EF073E}.CodeAnalysisDebug|Any CPU.ActiveCfg = Debug|Any CPU
		{BFBD2F46-ED5F-49A3-ABAD-9BA571EF073E}.CodeAnalysisDebug|Any CPU.Build.0 = Debug|Any CPU
		{BFBD2F46-ED5F-49A3-ABAD-9BA571EF073E}.CodeAnalysisDebug|Mixed Platforms.ActiveCfg = Debug|Any CPU
		{BFBD2F46-ED5F-49A3-ABAD-9BA571EF073E}.CodeAnalysisDebug|Mixed Platforms.Build.0 = Debug|Any CPU
		{BFBD2F46-ED5F-49A3-ABAD-9BA571EF073E}.CodeAnalysisDebug|Win32.ActiveCfg = Debug|Any CPU
		{BFBD2F46-ED5F-49A3-ABAD-9BA571EF073E}.CodeAnalysisDebug|x64.ActiveCfg = Debug|Any CPU
		{BFBD2F46-ED5F-49A3-ABAD-9BA571EF073E}.CodeAnalysisDebug|x86.ActiveCfg = Debug|Any CPU
		{BFBD2F46-ED5F-49A3-ABAD-9BA571EF073E}.Debug|Any CPU.ActiveCfg = Debug|Any CPU
		{BFBD2F46-ED5F-49A3-ABAD-9BA571EF073E}.Debug|Any CPU.Build.0 = Debug|Any CPU
		{BFBD2F46-ED5F-49A3-ABAD-9BA571EF073E}.Debug|Mixed Platforms.ActiveCfg = Debug|Any CPU
		{BFBD2F46-ED5F-49A3-ABAD-9BA571EF073E}.Debug|Mixed Platforms.Build.0 = Debug|Any CPU
		{BFBD2F46-ED5F-49A3-ABAD-9BA571EF073E}.Debug|Win32.ActiveCfg = Debug|Any CPU
		{BFBD2F46-ED5F-49A3-ABAD-9BA571EF073E}.Debug|x64.ActiveCfg = Debug|Any CPU
		{BFBD2F46-ED5F-49A3-ABAD-9BA571EF073E}.Debug|x86.ActiveCfg = Debug|Any CPU
		{BFBD2F46-ED5F-49A3-ABAD-9BA571EF073E}.Deploy|Any CPU.ActiveCfg = Debug|Any CPU
		{BFBD2F46-ED5F-49A3-ABAD-9BA571EF073E}.Deploy|Any CPU.Build.0 = Debug|Any CPU
		{BFBD2F46-ED5F-49A3-ABAD-9BA571EF073E}.Deploy|Mixed Platforms.ActiveCfg = Debug|Any CPU
		{BFBD2F46-ED5F-49A3-ABAD-9BA571EF073E}.Deploy|Mixed Platforms.Build.0 = Debug|Any CPU
		{BFBD2F46-ED5F-49A3-ABAD-9BA571EF073E}.Deploy|Win32.ActiveCfg = Debug|Any CPU
		{BFBD2F46-ED5F-49A3-ABAD-9BA571EF073E}.Deploy|x64.ActiveCfg = Debug|Any CPU
		{BFBD2F46-ED5F-49A3-ABAD-9BA571EF073E}.Deploy|x86.ActiveCfg = Debug|Any CPU
		{BFBD2F46-ED5F-49A3-ABAD-9BA571EF073E}.Release|Any CPU.ActiveCfg = Release|Any CPU
		{BFBD2F46-ED5F-49A3-ABAD-9BA571EF073E}.Release|Any CPU.Build.0 = Release|Any CPU
		{BFBD2F46-ED5F-49A3-ABAD-9BA571EF073E}.Release|Mixed Platforms.ActiveCfg = Release|Any CPU
		{BFBD2F46-ED5F-49A3-ABAD-9BA571EF073E}.Release|Mixed Platforms.Build.0 = Release|Any CPU
		{BFBD2F46-ED5F-49A3-ABAD-9BA571EF073E}.Release|Win32.ActiveCfg = Release|Any CPU
		{BFBD2F46-ED5F-49A3-ABAD-9BA571EF073E}.Release|x64.ActiveCfg = Release|Any CPU
		{BFBD2F46-ED5F-49A3-ABAD-9BA571EF073E}.Release|x86.ActiveCfg = Release|Any CPU
		{AE269158-DFA5-4DD7-8AFC-F45FAF2B958C}.CodeAnalysisDebug|Any CPU.ActiveCfg = Debug|x86
		{AE269158-DFA5-4DD7-8AFC-F45FAF2B958C}.CodeAnalysisDebug|Any CPU.Build.0 = Debug|x86
		{AE269158-DFA5-4DD7-8AFC-F45FAF2B958C}.CodeAnalysisDebug|Mixed Platforms.ActiveCfg = Debug|Any CPU
		{AE269158-DFA5-4DD7-8AFC-F45FAF2B958C}.CodeAnalysisDebug|Mixed Platforms.Build.0 = Debug|Any CPU
		{AE269158-DFA5-4DD7-8AFC-F45FAF2B958C}.CodeAnalysisDebug|Win32.ActiveCfg = Debug|Any CPU
		{AE269158-DFA5-4DD7-8AFC-F45FAF2B958C}.CodeAnalysisDebug|x64.ActiveCfg = Debug|Any CPU
		{AE269158-DFA5-4DD7-8AFC-F45FAF2B958C}.CodeAnalysisDebug|x86.ActiveCfg = Debug|Any CPU
		{AE269158-DFA5-4DD7-8AFC-F45FAF2B958C}.Debug|Any CPU.ActiveCfg = Debug|Any CPU
		{AE269158-DFA5-4DD7-8AFC-F45FAF2B958C}.Debug|Any CPU.Build.0 = Debug|Any CPU
		{AE269158-DFA5-4DD7-8AFC-F45FAF2B958C}.Debug|Mixed Platforms.ActiveCfg = Debug|x86
		{AE269158-DFA5-4DD7-8AFC-F45FAF2B958C}.Debug|Mixed Platforms.Build.0 = Debug|x86
		{AE269158-DFA5-4DD7-8AFC-F45FAF2B958C}.Debug|Win32.ActiveCfg = Debug|x86
		{AE269158-DFA5-4DD7-8AFC-F45FAF2B958C}.Debug|x64.ActiveCfg = Debug|x86
		{AE269158-DFA5-4DD7-8AFC-F45FAF2B958C}.Debug|x64.Build.0 = Debug|x86
		{AE269158-DFA5-4DD7-8AFC-F45FAF2B958C}.Debug|x86.ActiveCfg = Debug|x86
		{AE269158-DFA5-4DD7-8AFC-F45FAF2B958C}.Debug|x86.Build.0 = Debug|x86
		{AE269158-DFA5-4DD7-8AFC-F45FAF2B958C}.Deploy|Any CPU.ActiveCfg = Debug|Any CPU
		{AE269158-DFA5-4DD7-8AFC-F45FAF2B958C}.Deploy|Any CPU.Build.0 = Debug|Any CPU
		{AE269158-DFA5-4DD7-8AFC-F45FAF2B958C}.Deploy|Mixed Platforms.ActiveCfg = Debug|Any CPU
		{AE269158-DFA5-4DD7-8AFC-F45FAF2B958C}.Deploy|Mixed Platforms.Build.0 = Debug|Any CPU
		{AE269158-DFA5-4DD7-8AFC-F45FAF2B958C}.Deploy|Win32.ActiveCfg = Debug|Any CPU
		{AE269158-DFA5-4DD7-8AFC-F45FAF2B958C}.Deploy|x64.ActiveCfg = Debug|Any CPU
		{AE269158-DFA5-4DD7-8AFC-F45FAF2B958C}.Deploy|x86.ActiveCfg = Debug|Any CPU
		{AE269158-DFA5-4DD7-8AFC-F45FAF2B958C}.Release|Any CPU.ActiveCfg = Release|x86
		{AE269158-DFA5-4DD7-8AFC-F45FAF2B958C}.Release|Any CPU.Build.0 = Release|x86
		{AE269158-DFA5-4DD7-8AFC-F45FAF2B958C}.Release|Mixed Platforms.ActiveCfg = Release|x86
		{AE269158-DFA5-4DD7-8AFC-F45FAF2B958C}.Release|Mixed Platforms.Build.0 = Release|x86
		{AE269158-DFA5-4DD7-8AFC-F45FAF2B958C}.Release|Win32.ActiveCfg = Release|Any CPU
		{AE269158-DFA5-4DD7-8AFC-F45FAF2B958C}.Release|x64.ActiveCfg = Release|x86
		{AE269158-DFA5-4DD7-8AFC-F45FAF2B958C}.Release|x86.ActiveCfg = Release|x86
		{3EFCB6F8-EF7E-4F60-A0DE-BB197240FCC9}.CodeAnalysisDebug|Any CPU.ActiveCfg = Debug|Any CPU
		{3EFCB6F8-EF7E-4F60-A0DE-BB197240FCC9}.CodeAnalysisDebug|Any CPU.Build.0 = Debug|Any CPU
		{3EFCB6F8-EF7E-4F60-A0DE-BB197240FCC9}.CodeAnalysisDebug|Mixed Platforms.ActiveCfg = Debug|Any CPU
		{3EFCB6F8-EF7E-4F60-A0DE-BB197240FCC9}.CodeAnalysisDebug|Mixed Platforms.Build.0 = Debug|Any CPU
		{3EFCB6F8-EF7E-4F60-A0DE-BB197240FCC9}.CodeAnalysisDebug|Win32.ActiveCfg = Debug|Any CPU
		{3EFCB6F8-EF7E-4F60-A0DE-BB197240FCC9}.CodeAnalysisDebug|x64.ActiveCfg = Debug|Any CPU
		{3EFCB6F8-EF7E-4F60-A0DE-BB197240FCC9}.CodeAnalysisDebug|x86.ActiveCfg = Debug|Any CPU
		{3EFCB6F8-EF7E-4F60-A0DE-BB197240FCC9}.Debug|Any CPU.ActiveCfg = Debug|Any CPU
		{3EFCB6F8-EF7E-4F60-A0DE-BB197240FCC9}.Debug|Any CPU.Build.0 = Debug|Any CPU
		{3EFCB6F8-EF7E-4F60-A0DE-BB197240FCC9}.Debug|Mixed Platforms.ActiveCfg = Debug|Any CPU
		{3EFCB6F8-EF7E-4F60-A0DE-BB197240FCC9}.Debug|Mixed Platforms.Build.0 = Debug|Any CPU
		{3EFCB6F8-EF7E-4F60-A0DE-BB197240FCC9}.Debug|Win32.ActiveCfg = Debug|Any CPU
		{3EFCB6F8-EF7E-4F60-A0DE-BB197240FCC9}.Debug|x64.ActiveCfg = Debug|Any CPU
		{3EFCB6F8-EF7E-4F60-A0DE-BB197240FCC9}.Debug|x86.ActiveCfg = Debug|Any CPU
		{3EFCB6F8-EF7E-4F60-A0DE-BB197240FCC9}.Deploy|Any CPU.ActiveCfg = Debug|Any CPU
		{3EFCB6F8-EF7E-4F60-A0DE-BB197240FCC9}.Deploy|Any CPU.Build.0 = Debug|Any CPU
		{3EFCB6F8-EF7E-4F60-A0DE-BB197240FCC9}.Deploy|Mixed Platforms.ActiveCfg = Debug|Any CPU
		{3EFCB6F8-EF7E-4F60-A0DE-BB197240FCC9}.Deploy|Mixed Platforms.Build.0 = Debug|Any CPU
		{3EFCB6F8-EF7E-4F60-A0DE-BB197240FCC9}.Deploy|Win32.ActiveCfg = Debug|Any CPU
		{3EFCB6F8-EF7E-4F60-A0DE-BB197240FCC9}.Deploy|x64.ActiveCfg = Debug|Any CPU
		{3EFCB6F8-EF7E-4F60-A0DE-BB197240FCC9}.Deploy|x86.ActiveCfg = Debug|Any CPU
		{3EFCB6F8-EF7E-4F60-A0DE-BB197240FCC9}.Release|Any CPU.ActiveCfg = Release|Any CPU
		{3EFCB6F8-EF7E-4F60-A0DE-BB197240FCC9}.Release|Any CPU.Build.0 = Release|Any CPU
		{3EFCB6F8-EF7E-4F60-A0DE-BB197240FCC9}.Release|Mixed Platforms.ActiveCfg = Release|Any CPU
		{3EFCB6F8-EF7E-4F60-A0DE-BB197240FCC9}.Release|Mixed Platforms.Build.0 = Release|Any CPU
		{3EFCB6F8-EF7E-4F60-A0DE-BB197240FCC9}.Release|Win32.ActiveCfg = Release|Any CPU
		{3EFCB6F8-EF7E-4F60-A0DE-BB197240FCC9}.Release|x64.ActiveCfg = Release|Any CPU
		{3EFCB6F8-EF7E-4F60-A0DE-BB197240FCC9}.Release|x86.ActiveCfg = Release|Any CPU
		{D9903E8A-5FC4-43C6-A48D-806742704DE8}.CodeAnalysisDebug|Any CPU.ActiveCfg = Debug|Any CPU
		{D9903E8A-5FC4-43C6-A48D-806742704DE8}.CodeAnalysisDebug|Any CPU.Build.0 = Debug|Any CPU
		{D9903E8A-5FC4-43C6-A48D-806742704DE8}.CodeAnalysisDebug|Mixed Platforms.ActiveCfg = Debug|Any CPU
		{D9903E8A-5FC4-43C6-A48D-806742704DE8}.CodeAnalysisDebug|Mixed Platforms.Build.0 = Debug|Any CPU
		{D9903E8A-5FC4-43C6-A48D-806742704DE8}.CodeAnalysisDebug|Win32.ActiveCfg = Debug|Any CPU
		{D9903E8A-5FC4-43C6-A48D-806742704DE8}.CodeAnalysisDebug|x64.ActiveCfg = Debug|Any CPU
		{D9903E8A-5FC4-43C6-A48D-806742704DE8}.CodeAnalysisDebug|x86.ActiveCfg = Debug|Any CPU
		{D9903E8A-5FC4-43C6-A48D-806742704DE8}.Debug|Any CPU.ActiveCfg = Debug|Any CPU
		{D9903E8A-5FC4-43C6-A48D-806742704DE8}.Debug|Any CPU.Build.0 = Debug|Any CPU
		{D9903E8A-5FC4-43C6-A48D-806742704DE8}.Debug|Mixed Platforms.ActiveCfg = Debug|Any CPU
		{D9903E8A-5FC4-43C6-A48D-806742704DE8}.Debug|Mixed Platforms.Build.0 = Debug|Any CPU
		{D9903E8A-5FC4-43C6-A48D-806742704DE8}.Debug|Win32.ActiveCfg = Debug|Any CPU
		{D9903E8A-5FC4-43C6-A48D-806742704DE8}.Debug|x64.ActiveCfg = Debug|Any CPU
		{D9903E8A-5FC4-43C6-A48D-806742704DE8}.Debug|x86.ActiveCfg = Debug|Any CPU
		{D9903E8A-5FC4-43C6-A48D-806742704DE8}.Deploy|Any CPU.ActiveCfg = Debug|Any CPU
		{D9903E8A-5FC4-43C6-A48D-806742704DE8}.Deploy|Any CPU.Build.0 = Debug|Any CPU
		{D9903E8A-5FC4-43C6-A48D-806742704DE8}.Deploy|Mixed Platforms.ActiveCfg = Debug|Any CPU
		{D9903E8A-5FC4-43C6-A48D-806742704DE8}.Deploy|Mixed Platforms.Build.0 = Debug|Any CPU
		{D9903E8A-5FC4-43C6-A48D-806742704DE8}.Deploy|Win32.ActiveCfg = Debug|Any CPU
		{D9903E8A-5FC4-43C6-A48D-806742704DE8}.Deploy|x64.ActiveCfg = Debug|Any CPU
		{D9903E8A-5FC4-43C6-A48D-806742704DE8}.Deploy|x86.ActiveCfg = Debug|Any CPU
		{D9903E8A-5FC4-43C6-A48D-806742704DE8}.Release|Any CPU.ActiveCfg = Release|Any CPU
		{D9903E8A-5FC4-43C6-A48D-806742704DE8}.Release|Any CPU.Build.0 = Release|Any CPU
		{D9903E8A-5FC4-43C6-A48D-806742704DE8}.Release|Mixed Platforms.ActiveCfg = Release|Any CPU
		{D9903E8A-5FC4-43C6-A48D-806742704DE8}.Release|Mixed Platforms.Build.0 = Release|Any CPU
		{D9903E8A-5FC4-43C6-A48D-806742704DE8}.Release|Win32.ActiveCfg = Release|Any CPU
		{D9903E8A-5FC4-43C6-A48D-806742704DE8}.Release|x64.ActiveCfg = Release|Any CPU
		{D9903E8A-5FC4-43C6-A48D-806742704DE8}.Release|x86.ActiveCfg = Release|Any CPU
		{6A63405A-B6BB-4095-B48C-E720DE021482}.CodeAnalysisDebug|Any CPU.ActiveCfg = Debug|Any CPU
		{6A63405A-B6BB-4095-B48C-E720DE021482}.CodeAnalysisDebug|Any CPU.Build.0 = Debug|Any CPU
		{6A63405A-B6BB-4095-B48C-E720DE021482}.CodeAnalysisDebug|Mixed Platforms.ActiveCfg = Debug|Any CPU
		{6A63405A-B6BB-4095-B48C-E720DE021482}.CodeAnalysisDebug|Mixed Platforms.Build.0 = Debug|Any CPU
		{6A63405A-B6BB-4095-B48C-E720DE021482}.CodeAnalysisDebug|Win32.ActiveCfg = Debug|Any CPU
		{6A63405A-B6BB-4095-B48C-E720DE021482}.CodeAnalysisDebug|x64.ActiveCfg = Debug|Any CPU
		{6A63405A-B6BB-4095-B48C-E720DE021482}.CodeAnalysisDebug|x86.ActiveCfg = Debug|Any CPU
		{6A63405A-B6BB-4095-B48C-E720DE021482}.Debug|Any CPU.ActiveCfg = Debug|Any CPU
		{6A63405A-B6BB-4095-B48C-E720DE021482}.Debug|Any CPU.Build.0 = Debug|Any CPU
		{6A63405A-B6BB-4095-B48C-E720DE021482}.Debug|Mixed Platforms.ActiveCfg = Debug|Any CPU
		{6A63405A-B6BB-4095-B48C-E720DE021482}.Debug|Mixed Platforms.Build.0 = Debug|Any CPU
		{6A63405A-B6BB-4095-B48C-E720DE021482}.Debug|Win32.ActiveCfg = Debug|Any CPU
		{6A63405A-B6BB-4095-B48C-E720DE021482}.Debug|x64.ActiveCfg = Debug|Any CPU
		{6A63405A-B6BB-4095-B48C-E720DE021482}.Debug|x86.ActiveCfg = Debug|Any CPU
		{6A63405A-B6BB-4095-B48C-E720DE021482}.Deploy|Any CPU.ActiveCfg = Debug|Any CPU
		{6A63405A-B6BB-4095-B48C-E720DE021482}.Deploy|Any CPU.Build.0 = Debug|Any CPU
		{6A63405A-B6BB-4095-B48C-E720DE021482}.Deploy|Mixed Platforms.ActiveCfg = Debug|Any CPU
		{6A63405A-B6BB-4095-B48C-E720DE021482}.Deploy|Mixed Platforms.Build.0 = Debug|Any CPU
		{6A63405A-B6BB-4095-B48C-E720DE021482}.Deploy|Win32.ActiveCfg = Debug|Any CPU
		{6A63405A-B6BB-4095-B48C-E720DE021482}.Deploy|x64.ActiveCfg = Debug|Any CPU
		{6A63405A-B6BB-4095-B48C-E720DE021482}.Deploy|x86.ActiveCfg = Debug|Any CPU
		{6A63405A-B6BB-4095-B48C-E720DE021482}.Release|Any CPU.ActiveCfg = Release|Any CPU
		{6A63405A-B6BB-4095-B48C-E720DE021482}.Release|Any CPU.Build.0 = Release|Any CPU
		{6A63405A-B6BB-4095-B48C-E720DE021482}.Release|Mixed Platforms.ActiveCfg = Release|Any CPU
		{6A63405A-B6BB-4095-B48C-E720DE021482}.Release|Mixed Platforms.Build.0 = Release|Any CPU
		{6A63405A-B6BB-4095-B48C-E720DE021482}.Release|Win32.ActiveCfg = Release|Any CPU
		{6A63405A-B6BB-4095-B48C-E720DE021482}.Release|x64.ActiveCfg = Release|Any CPU
		{6A63405A-B6BB-4095-B48C-E720DE021482}.Release|x86.ActiveCfg = Release|Any CPU
		{EC0D64F9-9F48-4C35-A3B6-E1D8256B76D9}.CodeAnalysisDebug|Any CPU.ActiveCfg = Debug|Any CPU
		{EC0D64F9-9F48-4C35-A3B6-E1D8256B76D9}.CodeAnalysisDebug|Any CPU.Build.0 = Debug|Any CPU
		{EC0D64F9-9F48-4C35-A3B6-E1D8256B76D9}.CodeAnalysisDebug|Mixed Platforms.ActiveCfg = Debug|Any CPU
		{EC0D64F9-9F48-4C35-A3B6-E1D8256B76D9}.CodeAnalysisDebug|Mixed Platforms.Build.0 = Debug|Any CPU
		{EC0D64F9-9F48-4C35-A3B6-E1D8256B76D9}.CodeAnalysisDebug|Win32.ActiveCfg = Debug|Any CPU
		{EC0D64F9-9F48-4C35-A3B6-E1D8256B76D9}.CodeAnalysisDebug|x64.ActiveCfg = Debug|Any CPU
		{EC0D64F9-9F48-4C35-A3B6-E1D8256B76D9}.CodeAnalysisDebug|x86.ActiveCfg = Debug|Any CPU
		{EC0D64F9-9F48-4C35-A3B6-E1D8256B76D9}.Debug|Any CPU.ActiveCfg = Debug|Any CPU
		{EC0D64F9-9F48-4C35-A3B6-E1D8256B76D9}.Debug|Any CPU.Build.0 = Debug|Any CPU
		{EC0D64F9-9F48-4C35-A3B6-E1D8256B76D9}.Debug|Mixed Platforms.ActiveCfg = Debug|Any CPU
		{EC0D64F9-9F48-4C35-A3B6-E1D8256B76D9}.Debug|Mixed Platforms.Build.0 = Debug|Any CPU
		{EC0D64F9-9F48-4C35-A3B6-E1D8256B76D9}.Debug|Win32.ActiveCfg = Debug|Any CPU
		{EC0D64F9-9F48-4C35-A3B6-E1D8256B76D9}.Debug|x64.ActiveCfg = Debug|Any CPU
		{EC0D64F9-9F48-4C35-A3B6-E1D8256B76D9}.Debug|x86.ActiveCfg = Debug|Any CPU
		{EC0D64F9-9F48-4C35-A3B6-E1D8256B76D9}.Deploy|Any CPU.ActiveCfg = Debug|Any CPU
		{EC0D64F9-9F48-4C35-A3B6-E1D8256B76D9}.Deploy|Any CPU.Build.0 = Debug|Any CPU
		{EC0D64F9-9F48-4C35-A3B6-E1D8256B76D9}.Deploy|Mixed Platforms.ActiveCfg = Debug|Any CPU
		{EC0D64F9-9F48-4C35-A3B6-E1D8256B76D9}.Deploy|Mixed Platforms.Build.0 = Debug|Any CPU
		{EC0D64F9-9F48-4C35-A3B6-E1D8256B76D9}.Deploy|Win32.ActiveCfg = Debug|Any CPU
		{EC0D64F9-9F48-4C35-A3B6-E1D8256B76D9}.Deploy|x64.ActiveCfg = Debug|Any CPU
		{EC0D64F9-9F48-4C35-A3B6-E1D8256B76D9}.Deploy|x86.ActiveCfg = Debug|Any CPU
		{EC0D64F9-9F48-4C35-A3B6-E1D8256B76D9}.Release|Any CPU.ActiveCfg = Release|Any CPU
		{EC0D64F9-9F48-4C35-A3B6-E1D8256B76D9}.Release|Any CPU.Build.0 = Release|Any CPU
		{EC0D64F9-9F48-4C35-A3B6-E1D8256B76D9}.Release|Mixed Platforms.ActiveCfg = Release|Any CPU
		{EC0D64F9-9F48-4C35-A3B6-E1D8256B76D9}.Release|Mixed Platforms.Build.0 = Release|Any CPU
		{EC0D64F9-9F48-4C35-A3B6-E1D8256B76D9}.Release|Win32.ActiveCfg = Release|Any CPU
		{EC0D64F9-9F48-4C35-A3B6-E1D8256B76D9}.Release|x64.ActiveCfg = Release|Any CPU
		{EC0D64F9-9F48-4C35-A3B6-E1D8256B76D9}.Release|x86.ActiveCfg = Release|Any CPU
		{CDC51A7E-5CEA-4478-AE3E-92E7C54AD4AA}.CodeAnalysisDebug|Any CPU.ActiveCfg = Debug|Any CPU
		{CDC51A7E-5CEA-4478-AE3E-92E7C54AD4AA}.CodeAnalysisDebug|Any CPU.Build.0 = Debug|Any CPU
		{CDC51A7E-5CEA-4478-AE3E-92E7C54AD4AA}.CodeAnalysisDebug|Mixed Platforms.ActiveCfg = Debug|Any CPU
		{CDC51A7E-5CEA-4478-AE3E-92E7C54AD4AA}.CodeAnalysisDebug|Mixed Platforms.Build.0 = Debug|Any CPU
		{CDC51A7E-5CEA-4478-AE3E-92E7C54AD4AA}.CodeAnalysisDebug|Win32.ActiveCfg = Debug|Any CPU
		{CDC51A7E-5CEA-4478-AE3E-92E7C54AD4AA}.CodeAnalysisDebug|x64.ActiveCfg = Debug|Any CPU
		{CDC51A7E-5CEA-4478-AE3E-92E7C54AD4AA}.CodeAnalysisDebug|x86.ActiveCfg = Debug|Any CPU
		{CDC51A7E-5CEA-4478-AE3E-92E7C54AD4AA}.Debug|Any CPU.ActiveCfg = Debug|Any CPU
		{CDC51A7E-5CEA-4478-AE3E-92E7C54AD4AA}.Debug|Any CPU.Build.0 = Debug|Any CPU
		{CDC51A7E-5CEA-4478-AE3E-92E7C54AD4AA}.Debug|Mixed Platforms.ActiveCfg = Debug|Any CPU
		{CDC51A7E-5CEA-4478-AE3E-92E7C54AD4AA}.Debug|Mixed Platforms.Build.0 = Debug|Any CPU
		{CDC51A7E-5CEA-4478-AE3E-92E7C54AD4AA}.Debug|Win32.ActiveCfg = Debug|Any CPU
		{CDC51A7E-5CEA-4478-AE3E-92E7C54AD4AA}.Debug|x64.ActiveCfg = Debug|Any CPU
		{CDC51A7E-5CEA-4478-AE3E-92E7C54AD4AA}.Debug|x86.ActiveCfg = Debug|Any CPU
		{CDC51A7E-5CEA-4478-AE3E-92E7C54AD4AA}.Deploy|Any CPU.ActiveCfg = Debug|Any CPU
		{CDC51A7E-5CEA-4478-AE3E-92E7C54AD4AA}.Deploy|Any CPU.Build.0 = Debug|Any CPU
		{CDC51A7E-5CEA-4478-AE3E-92E7C54AD4AA}.Deploy|Mixed Platforms.ActiveCfg = Debug|Any CPU
		{CDC51A7E-5CEA-4478-AE3E-92E7C54AD4AA}.Deploy|Mixed Platforms.Build.0 = Debug|Any CPU
		{CDC51A7E-5CEA-4478-AE3E-92E7C54AD4AA}.Deploy|Win32.ActiveCfg = Debug|Any CPU
		{CDC51A7E-5CEA-4478-AE3E-92E7C54AD4AA}.Deploy|x64.ActiveCfg = Debug|Any CPU
		{CDC51A7E-5CEA-4478-AE3E-92E7C54AD4AA}.Deploy|x86.ActiveCfg = Debug|Any CPU
		{CDC51A7E-5CEA-4478-AE3E-92E7C54AD4AA}.Release|Any CPU.ActiveCfg = Release|Any CPU
		{CDC51A7E-5CEA-4478-AE3E-92E7C54AD4AA}.Release|Any CPU.Build.0 = Release|Any CPU
		{CDC51A7E-5CEA-4478-AE3E-92E7C54AD4AA}.Release|Mixed Platforms.ActiveCfg = Release|Any CPU
		{CDC51A7E-5CEA-4478-AE3E-92E7C54AD4AA}.Release|Mixed Platforms.Build.0 = Release|Any CPU
		{CDC51A7E-5CEA-4478-AE3E-92E7C54AD4AA}.Release|Win32.ActiveCfg = Release|Any CPU
		{CDC51A7E-5CEA-4478-AE3E-92E7C54AD4AA}.Release|x64.ActiveCfg = Release|Any CPU
		{CDC51A7E-5CEA-4478-AE3E-92E7C54AD4AA}.Release|x86.ActiveCfg = Release|Any CPU
		{6942FB86-F12F-43AE-8E6D-D4186CE7CB81}.CodeAnalysisDebug|Any CPU.ActiveCfg = Debug|Any CPU
		{6942FB86-F12F-43AE-8E6D-D4186CE7CB81}.CodeAnalysisDebug|Any CPU.Build.0 = Debug|Any CPU
		{6942FB86-F12F-43AE-8E6D-D4186CE7CB81}.CodeAnalysisDebug|Mixed Platforms.ActiveCfg = Debug|Any CPU
		{6942FB86-F12F-43AE-8E6D-D4186CE7CB81}.CodeAnalysisDebug|Mixed Platforms.Build.0 = Debug|Any CPU
		{6942FB86-F12F-43AE-8E6D-D4186CE7CB81}.CodeAnalysisDebug|Win32.ActiveCfg = Debug|Any CPU
		{6942FB86-F12F-43AE-8E6D-D4186CE7CB81}.CodeAnalysisDebug|x64.ActiveCfg = Debug|Any CPU
		{6942FB86-F12F-43AE-8E6D-D4186CE7CB81}.CodeAnalysisDebug|x86.ActiveCfg = Debug|Any CPU
		{6942FB86-F12F-43AE-8E6D-D4186CE7CB81}.Debug|Any CPU.ActiveCfg = Debug|Any CPU
		{6942FB86-F12F-43AE-8E6D-D4186CE7CB81}.Debug|Any CPU.Build.0 = Debug|Any CPU
		{6942FB86-F12F-43AE-8E6D-D4186CE7CB81}.Debug|Any CPU.Deploy.0 = Debug|Any CPU
		{6942FB86-F12F-43AE-8E6D-D4186CE7CB81}.Debug|Mixed Platforms.ActiveCfg = Debug|Any CPU
		{6942FB86-F12F-43AE-8E6D-D4186CE7CB81}.Debug|Mixed Platforms.Build.0 = Debug|Any CPU
		{6942FB86-F12F-43AE-8E6D-D4186CE7CB81}.Debug|Win32.ActiveCfg = Debug|Any CPU
		{6942FB86-F12F-43AE-8E6D-D4186CE7CB81}.Debug|x64.ActiveCfg = Debug|Any CPU
		{6942FB86-F12F-43AE-8E6D-D4186CE7CB81}.Debug|x86.ActiveCfg = Debug|Any CPU
		{6942FB86-F12F-43AE-8E6D-D4186CE7CB81}.Deploy|Any CPU.ActiveCfg = Debug|Any CPU
		{6942FB86-F12F-43AE-8E6D-D4186CE7CB81}.Deploy|Any CPU.Build.0 = Debug|Any CPU
		{6942FB86-F12F-43AE-8E6D-D4186CE7CB81}.Deploy|Mixed Platforms.ActiveCfg = Debug|Any CPU
		{6942FB86-F12F-43AE-8E6D-D4186CE7CB81}.Deploy|Mixed Platforms.Build.0 = Debug|Any CPU
		{6942FB86-F12F-43AE-8E6D-D4186CE7CB81}.Deploy|Win32.ActiveCfg = Debug|Any CPU
		{6942FB86-F12F-43AE-8E6D-D4186CE7CB81}.Deploy|x64.ActiveCfg = Debug|Any CPU
		{6942FB86-F12F-43AE-8E6D-D4186CE7CB81}.Deploy|x86.ActiveCfg = Debug|Any CPU
		{6942FB86-F12F-43AE-8E6D-D4186CE7CB81}.Release|Any CPU.ActiveCfg = Release|Any CPU
		{6942FB86-F12F-43AE-8E6D-D4186CE7CB81}.Release|Any CPU.Build.0 = Release|Any CPU
		{6942FB86-F12F-43AE-8E6D-D4186CE7CB81}.Release|Mixed Platforms.ActiveCfg = Release|Any CPU
		{6942FB86-F12F-43AE-8E6D-D4186CE7CB81}.Release|Mixed Platforms.Build.0 = Release|Any CPU
		{6942FB86-F12F-43AE-8E6D-D4186CE7CB81}.Release|Win32.ActiveCfg = Release|Any CPU
		{6942FB86-F12F-43AE-8E6D-D4186CE7CB81}.Release|x64.ActiveCfg = Release|Any CPU
		{6942FB86-F12F-43AE-8E6D-D4186CE7CB81}.Release|x86.ActiveCfg = Release|Any CPU
		{509D06BD-AEB6-4E92-8E5B-21188EBDBD9C}.CodeAnalysisDebug|Any CPU.ActiveCfg = Debug|Any CPU
		{509D06BD-AEB6-4E92-8E5B-21188EBDBD9C}.CodeAnalysisDebug|Any CPU.Build.0 = Debug|Any CPU
		{509D06BD-AEB6-4E92-8E5B-21188EBDBD9C}.CodeAnalysisDebug|Mixed Platforms.ActiveCfg = Debug|Any CPU
		{509D06BD-AEB6-4E92-8E5B-21188EBDBD9C}.CodeAnalysisDebug|Mixed Platforms.Build.0 = Debug|Any CPU
		{509D06BD-AEB6-4E92-8E5B-21188EBDBD9C}.CodeAnalysisDebug|Win32.ActiveCfg = Debug|Any CPU
		{509D06BD-AEB6-4E92-8E5B-21188EBDBD9C}.CodeAnalysisDebug|x64.ActiveCfg = Debug|Any CPU
		{509D06BD-AEB6-4E92-8E5B-21188EBDBD9C}.CodeAnalysisDebug|x86.ActiveCfg = Debug|Any CPU
		{509D06BD-AEB6-4E92-8E5B-21188EBDBD9C}.Debug|Any CPU.ActiveCfg = Debug|Any CPU
		{509D06BD-AEB6-4E92-8E5B-21188EBDBD9C}.Debug|Any CPU.Build.0 = Debug|Any CPU
		{509D06BD-AEB6-4E92-8E5B-21188EBDBD9C}.Debug|Mixed Platforms.ActiveCfg = Debug|Any CPU
		{509D06BD-AEB6-4E92-8E5B-21188EBDBD9C}.Debug|Mixed Platforms.Build.0 = Debug|Any CPU
		{509D06BD-AEB6-4E92-8E5B-21188EBDBD9C}.Debug|Win32.ActiveCfg = Debug|Any CPU
		{509D06BD-AEB6-4E92-8E5B-21188EBDBD9C}.Debug|x64.ActiveCfg = Debug|Any CPU
		{509D06BD-AEB6-4E92-8E5B-21188EBDBD9C}.Debug|x86.ActiveCfg = Debug|Any CPU
		{509D06BD-AEB6-4E92-8E5B-21188EBDBD9C}.Deploy|Any CPU.ActiveCfg = Debug|Any CPU
		{509D06BD-AEB6-4E92-8E5B-21188EBDBD9C}.Deploy|Any CPU.Build.0 = Debug|Any CPU
		{509D06BD-AEB6-4E92-8E5B-21188EBDBD9C}.Deploy|Mixed Platforms.ActiveCfg = Debug|Any CPU
		{509D06BD-AEB6-4E92-8E5B-21188EBDBD9C}.Deploy|Mixed Platforms.Build.0 = Debug|Any CPU
		{509D06BD-AEB6-4E92-8E5B-21188EBDBD9C}.Deploy|Win32.ActiveCfg = Debug|Any CPU
		{509D06BD-AEB6-4E92-8E5B-21188EBDBD9C}.Deploy|x64.ActiveCfg = Debug|Any CPU
		{509D06BD-AEB6-4E92-8E5B-21188EBDBD9C}.Deploy|x86.ActiveCfg = Debug|Any CPU
		{509D06BD-AEB6-4E92-8E5B-21188EBDBD9C}.Release|Any CPU.ActiveCfg = Release|Any CPU
		{509D06BD-AEB6-4E92-8E5B-21188EBDBD9C}.Release|Any CPU.Build.0 = Release|Any CPU
		{509D06BD-AEB6-4E92-8E5B-21188EBDBD9C}.Release|Mixed Platforms.ActiveCfg = Release|Any CPU
		{509D06BD-AEB6-4E92-8E5B-21188EBDBD9C}.Release|Mixed Platforms.Build.0 = Release|Any CPU
		{509D06BD-AEB6-4E92-8E5B-21188EBDBD9C}.Release|Win32.ActiveCfg = Release|Any CPU
		{509D06BD-AEB6-4E92-8E5B-21188EBDBD9C}.Release|x64.ActiveCfg = Release|Any CPU
		{509D06BD-AEB6-4E92-8E5B-21188EBDBD9C}.Release|x86.ActiveCfg = Release|Any CPU
		{4E10209E-837F-4116-B873-102F44CDB42E}.CodeAnalysisDebug|Any CPU.ActiveCfg = Debug|Any CPU
		{4E10209E-837F-4116-B873-102F44CDB42E}.CodeAnalysisDebug|Any CPU.Build.0 = Debug|Any CPU
		{4E10209E-837F-4116-B873-102F44CDB42E}.CodeAnalysisDebug|Mixed Platforms.ActiveCfg = Debug|Any CPU
		{4E10209E-837F-4116-B873-102F44CDB42E}.CodeAnalysisDebug|Mixed Platforms.Build.0 = Debug|Any CPU
		{4E10209E-837F-4116-B873-102F44CDB42E}.CodeAnalysisDebug|Win32.ActiveCfg = Debug|Any CPU
		{4E10209E-837F-4116-B873-102F44CDB42E}.CodeAnalysisDebug|x64.ActiveCfg = Debug|Any CPU
		{4E10209E-837F-4116-B873-102F44CDB42E}.CodeAnalysisDebug|x86.ActiveCfg = Debug|Any CPU
		{4E10209E-837F-4116-B873-102F44CDB42E}.Debug|Any CPU.ActiveCfg = Debug|Any CPU
		{4E10209E-837F-4116-B873-102F44CDB42E}.Debug|Any CPU.Build.0 = Debug|Any CPU
		{4E10209E-837F-4116-B873-102F44CDB42E}.Debug|Mixed Platforms.ActiveCfg = Debug|Any CPU
		{4E10209E-837F-4116-B873-102F44CDB42E}.Debug|Mixed Platforms.Build.0 = Debug|Any CPU
		{4E10209E-837F-4116-B873-102F44CDB42E}.Debug|Win32.ActiveCfg = Debug|Any CPU
		{4E10209E-837F-4116-B873-102F44CDB42E}.Debug|x64.ActiveCfg = Debug|Any CPU
		{4E10209E-837F-4116-B873-102F44CDB42E}.Debug|x86.ActiveCfg = Debug|Any CPU
		{4E10209E-837F-4116-B873-102F44CDB42E}.Deploy|Any CPU.ActiveCfg = Debug|Any CPU
		{4E10209E-837F-4116-B873-102F44CDB42E}.Deploy|Any CPU.Build.0 = Debug|Any CPU
		{4E10209E-837F-4116-B873-102F44CDB42E}.Deploy|Mixed Platforms.ActiveCfg = Debug|Any CPU
		{4E10209E-837F-4116-B873-102F44CDB42E}.Deploy|Mixed Platforms.Build.0 = Debug|Any CPU
		{4E10209E-837F-4116-B873-102F44CDB42E}.Deploy|Win32.ActiveCfg = Debug|Any CPU
		{4E10209E-837F-4116-B873-102F44CDB42E}.Deploy|x64.ActiveCfg = Debug|Any CPU
		{4E10209E-837F-4116-B873-102F44CDB42E}.Deploy|x86.ActiveCfg = Debug|Any CPU
		{4E10209E-837F-4116-B873-102F44CDB42E}.Release|Any CPU.ActiveCfg = Release|Any CPU
		{4E10209E-837F-4116-B873-102F44CDB42E}.Release|Any CPU.Build.0 = Release|Any CPU
		{4E10209E-837F-4116-B873-102F44CDB42E}.Release|Mixed Platforms.ActiveCfg = Release|Any CPU
		{4E10209E-837F-4116-B873-102F44CDB42E}.Release|Mixed Platforms.Build.0 = Release|Any CPU
		{4E10209E-837F-4116-B873-102F44CDB42E}.Release|Win32.ActiveCfg = Release|Any CPU
		{4E10209E-837F-4116-B873-102F44CDB42E}.Release|x64.ActiveCfg = Release|Any CPU
		{4E10209E-837F-4116-B873-102F44CDB42E}.Release|x86.ActiveCfg = Release|Any CPU
		{711CCF1F-6B8F-4E97-8D84-0EE679C83B41}.CodeAnalysisDebug|Any CPU.ActiveCfg = Debug|Any CPU
		{711CCF1F-6B8F-4E97-8D84-0EE679C83B41}.CodeAnalysisDebug|Any CPU.Build.0 = Debug|Any CPU
		{711CCF1F-6B8F-4E97-8D84-0EE679C83B41}.CodeAnalysisDebug|Mixed Platforms.ActiveCfg = Debug|Any CPU
		{711CCF1F-6B8F-4E97-8D84-0EE679C83B41}.CodeAnalysisDebug|Mixed Platforms.Build.0 = Debug|Any CPU
		{711CCF1F-6B8F-4E97-8D84-0EE679C83B41}.CodeAnalysisDebug|Win32.ActiveCfg = Debug|Any CPU
		{711CCF1F-6B8F-4E97-8D84-0EE679C83B41}.CodeAnalysisDebug|x64.ActiveCfg = Debug|Any CPU
		{711CCF1F-6B8F-4E97-8D84-0EE679C83B41}.CodeAnalysisDebug|x86.ActiveCfg = Debug|Any CPU
		{711CCF1F-6B8F-4E97-8D84-0EE679C83B41}.Debug|Any CPU.ActiveCfg = Debug|Any CPU
		{711CCF1F-6B8F-4E97-8D84-0EE679C83B41}.Debug|Any CPU.Build.0 = Debug|Any CPU
		{711CCF1F-6B8F-4E97-8D84-0EE679C83B41}.Debug|Mixed Platforms.ActiveCfg = Debug|Any CPU
		{711CCF1F-6B8F-4E97-8D84-0EE679C83B41}.Debug|Mixed Platforms.Build.0 = Debug|Any CPU
		{711CCF1F-6B8F-4E97-8D84-0EE679C83B41}.Debug|Win32.ActiveCfg = Debug|Any CPU
		{711CCF1F-6B8F-4E97-8D84-0EE679C83B41}.Debug|x64.ActiveCfg = Debug|Any CPU
		{711CCF1F-6B8F-4E97-8D84-0EE679C83B41}.Debug|x86.ActiveCfg = Debug|Any CPU
		{711CCF1F-6B8F-4E97-8D84-0EE679C83B41}.Deploy|Any CPU.ActiveCfg = Debug|Any CPU
		{711CCF1F-6B8F-4E97-8D84-0EE679C83B41}.Deploy|Any CPU.Build.0 = Debug|Any CPU
		{711CCF1F-6B8F-4E97-8D84-0EE679C83B41}.Deploy|Mixed Platforms.ActiveCfg = Debug|Any CPU
		{711CCF1F-6B8F-4E97-8D84-0EE679C83B41}.Deploy|Mixed Platforms.Build.0 = Debug|Any CPU
		{711CCF1F-6B8F-4E97-8D84-0EE679C83B41}.Deploy|Win32.ActiveCfg = Debug|Any CPU
		{711CCF1F-6B8F-4E97-8D84-0EE679C83B41}.Deploy|x64.ActiveCfg = Debug|Any CPU
		{711CCF1F-6B8F-4E97-8D84-0EE679C83B41}.Deploy|x86.ActiveCfg = Debug|Any CPU
		{711CCF1F-6B8F-4E97-8D84-0EE679C83B41}.Release|Any CPU.ActiveCfg = Release|Any CPU
		{711CCF1F-6B8F-4E97-8D84-0EE679C83B41}.Release|Any CPU.Build.0 = Release|Any CPU
		{711CCF1F-6B8F-4E97-8D84-0EE679C83B41}.Release|Mixed Platforms.ActiveCfg = Release|Any CPU
		{711CCF1F-6B8F-4E97-8D84-0EE679C83B41}.Release|Mixed Platforms.Build.0 = Release|Any CPU
		{711CCF1F-6B8F-4E97-8D84-0EE679C83B41}.Release|Win32.ActiveCfg = Release|Any CPU
		{711CCF1F-6B8F-4E97-8D84-0EE679C83B41}.Release|x64.ActiveCfg = Release|Any CPU
		{711CCF1F-6B8F-4E97-8D84-0EE679C83B41}.Release|x86.ActiveCfg = Release|Any CPU
		{333FDC55-6B47-4A64-A2DF-A4C5823FAC74}.CodeAnalysisDebug|Any CPU.ActiveCfg = Debug|Any CPU
		{333FDC55-6B47-4A64-A2DF-A4C5823FAC74}.CodeAnalysisDebug|Any CPU.Build.0 = Debug|Any CPU
		{333FDC55-6B47-4A64-A2DF-A4C5823FAC74}.CodeAnalysisDebug|Mixed Platforms.ActiveCfg = Debug|Any CPU
		{333FDC55-6B47-4A64-A2DF-A4C5823FAC74}.CodeAnalysisDebug|Mixed Platforms.Build.0 = Debug|Any CPU
		{333FDC55-6B47-4A64-A2DF-A4C5823FAC74}.CodeAnalysisDebug|Win32.ActiveCfg = Debug|Any CPU
		{333FDC55-6B47-4A64-A2DF-A4C5823FAC74}.CodeAnalysisDebug|x64.ActiveCfg = Debug|Any CPU
		{333FDC55-6B47-4A64-A2DF-A4C5823FAC74}.CodeAnalysisDebug|x86.ActiveCfg = Debug|Any CPU
		{333FDC55-6B47-4A64-A2DF-A4C5823FAC74}.Debug|Any CPU.ActiveCfg = Debug|Any CPU
		{333FDC55-6B47-4A64-A2DF-A4C5823FAC74}.Debug|Any CPU.Build.0 = Debug|Any CPU
		{333FDC55-6B47-4A64-A2DF-A4C5823FAC74}.Debug|Mixed Platforms.ActiveCfg = Debug|Any CPU
		{333FDC55-6B47-4A64-A2DF-A4C5823FAC74}.Debug|Mixed Platforms.Build.0 = Debug|Any CPU
		{333FDC55-6B47-4A64-A2DF-A4C5823FAC74}.Debug|Win32.ActiveCfg = Debug|Any CPU
		{333FDC55-6B47-4A64-A2DF-A4C5823FAC74}.Debug|x64.ActiveCfg = Debug|Any CPU
		{333FDC55-6B47-4A64-A2DF-A4C5823FAC74}.Debug|x86.ActiveCfg = Debug|Any CPU
		{333FDC55-6B47-4A64-A2DF-A4C5823FAC74}.Deploy|Any CPU.ActiveCfg = Debug|Any CPU
		{333FDC55-6B47-4A64-A2DF-A4C5823FAC74}.Deploy|Any CPU.Build.0 = Debug|Any CPU
		{333FDC55-6B47-4A64-A2DF-A4C5823FAC74}.Deploy|Mixed Platforms.ActiveCfg = Debug|Any CPU
		{333FDC55-6B47-4A64-A2DF-A4C5823FAC74}.Deploy|Mixed Platforms.Build.0 = Debug|Any CPU
		{333FDC55-6B47-4A64-A2DF-A4C5823FAC74}.Deploy|Win32.ActiveCfg = Debug|Any CPU
		{333FDC55-6B47-4A64-A2DF-A4C5823FAC74}.Deploy|x64.ActiveCfg = Debug|Any CPU
		{333FDC55-6B47-4A64-A2DF-A4C5823FAC74}.Deploy|x86.ActiveCfg = Debug|Any CPU
		{333FDC55-6B47-4A64-A2DF-A4C5823FAC74}.Release|Any CPU.ActiveCfg = Release|Any CPU
		{333FDC55-6B47-4A64-A2DF-A4C5823FAC74}.Release|Any CPU.Build.0 = Release|Any CPU
		{333FDC55-6B47-4A64-A2DF-A4C5823FAC74}.Release|Mixed Platforms.ActiveCfg = Release|Any CPU
		{333FDC55-6B47-4A64-A2DF-A4C5823FAC74}.Release|Mixed Platforms.Build.0 = Release|Any CPU
		{333FDC55-6B47-4A64-A2DF-A4C5823FAC74}.Release|Win32.ActiveCfg = Release|Any CPU
		{333FDC55-6B47-4A64-A2DF-A4C5823FAC74}.Release|x64.ActiveCfg = Release|Any CPU
		{333FDC55-6B47-4A64-A2DF-A4C5823FAC74}.Release|x86.ActiveCfg = Release|Any CPU
	EndGlobalSection
	GlobalSection(SolutionProperties) = preSolution
		HideSolutionNode = FALSE
	EndGlobalSection
	GlobalSection(ExtensibilityGlobals) = postSolution
		VisualSVNWorkingCopyRoot = .
	EndGlobalSection
	GlobalSection(NDepend) = preSolution
		Project = ".\BFExplorer.ndproj"
	EndGlobalSection
EndGlobal
